
Microsoft Visual Studio Solution File, Format Version 12.00
# Visual Studio Version 16
VisualStudioVersion = 16.0.31313.79
MinimumVisualStudioVersion = 10.0.40219.1
Project("{2150E333-8FDC-42A3-9474-1A3956D46DE8}") = "UDB", "UDB", "{EFBB7435-801A-475D-95B3-41AD8B95D030}"
EndProject
Project("{2150E333-8FDC-42A3-9474-1A3956D46DE8}") = "StoredProc", "StoredProc", "{266901CC-B0AC-465F-8190-5AEEB8AFB53B}"
	ProjectSection(SolutionItems) = preProject
		UDB\StoredProc\Audit.PrepareSync.StoredProcedure.sql = UDB\StoredProc\Audit.PrepareSync.StoredProcedure.sql
		UDB\StoredProc\Audit.WaitForSync.StoredProcedure.sql = UDB\StoredProc\Audit.WaitForSync.StoredProcedure.sql
		UDB\StoredProc\dbo.usp_updatestats.StoredProcedure.sql = UDB\StoredProc\dbo.usp_updatestats.StoredProcedure.sql
		UDB\StoredProc\eWeb.AddEnrollmentOption.StoredProcedure.sql = UDB\StoredProc\eWeb.AddEnrollmentOption.StoredProcedure.sql
		UDB\StoredProc\eWeb.AddStudentGroup.StoredProcedure.sql = UDB\StoredProc\eWeb.AddStudentGroup.StoredProcedure.sql
		UDB\StoredProc\eWeb.AddStudentToStudentGroup.StoredProcedure.sql = UDB\StoredProc\eWeb.AddStudentToStudentGroup.StoredProcedure.sql
		UDB\StoredProc\eWeb.AddStudentToStudentGroupByDistrict.StoredProcedure.sql = UDB\StoredProc\eWeb.AddStudentToStudentGroupByDistrict.StoredProcedure.sql
		UDB\StoredProc\eWeb.AddTeacher.StoredProcedure.sql = UDB\StoredProc\eWeb.AddTeacher.StoredProcedure.sql
		UDB\StoredProc\eWeb.AssignSchoolByAssessmentSpiralForm.StoredProcedure.sql = UDB\StoredProc\eWeb.AssignSchoolByAssessmentSpiralForm.StoredProcedure.sql
		UDB\StoredProc\eWeb.AssignSiteForms.StoredProcedure.sql = UDB\StoredProc\eWeb.AssignSiteForms.StoredProcedure.sql
		UDB\StoredProc\eWeb.AssignStudentToGroup.StoredProcedure.sql = UDB\StoredProc\eWeb.AssignStudentToGroup.StoredProcedure.sql
		UDB\StoredProc\eWeb.AssignTeacherToStudentGroup.StoredProcedure.sql = UDB\StoredProc\eWeb.AssignTeacherToStudentGroup.StoredProcedure.sql
		UDB\StoredProc\eWeb.ConfigExtension_AccommodationOnlineRefresh.StoredProcedure.sql = UDB\StoredProc\eWeb.ConfigExtension_AccommodationOnlineRefresh.StoredProcedure.sql
		UDB\StoredProc\eWeb.ConfigExtension_Delete.StoredProcedure.sql = UDB\StoredProc\eWeb.ConfigExtension_Delete.StoredProcedure.sql
		UDB\StoredProc\eWeb.ConfigExtension_InsertOrUpdate.StoredProcedure.sql = UDB\StoredProc\eWeb.ConfigExtension_InsertOrUpdate.StoredProcedure.sql
		UDB\StoredProc\eWeb.ConfigExtensionNames_InsertOrUpdate.StoredProcedure.sql = UDB\StoredProc\eWeb.ConfigExtensionNames_InsertOrUpdate.StoredProcedure.sql
		UDB\StoredProc\eWeb.ConfigExtensionValues_InsertOrUpdate.StoredProcedure.sql = UDB\StoredProc\eWeb.ConfigExtensionValues_InsertOrUpdate.StoredProcedure.sql
		UDB\StoredProc\eWeb.CreateAssessmentSchedule.StoredProcedure.sql = UDB\StoredProc\eWeb.CreateAssessmentSchedule.StoredProcedure.sql
		UDB\StoredProc\eWeb.CreateNewBlankMaterialOrders.StoredProcedure.sql = UDB\StoredProc\eWeb.CreateNewBlankMaterialOrders.StoredProcedure.sql
		UDB\StoredProc\eWeb.CreateSiteSchedule.StoredProcedure.sql = UDB\StoredProc\eWeb.CreateSiteSchedule.StoredProcedure.sql
		UDB\StoredProc\eWeb.CreateTestSession.StoredProcedure.sql = UDB\StoredProc\eWeb.CreateTestSession.StoredProcedure.sql
		UDB\StoredProc\eWeb.CreateTestSessionWTeacher.StoredProcedure.sql = UDB\StoredProc\eWeb.CreateTestSessionWTeacher.StoredProcedure.sql
		UDB\StoredProc\eWeb.CreateTestWindow.StoredProcedure.sql = UDB\StoredProc\eWeb.CreateTestWindow.StoredProcedure.sql
		UDB\StoredProc\eWeb.DeleteAssessmentSchedule.StoredProcedure.sql = UDB\StoredProc\eWeb.DeleteAssessmentSchedule.StoredProcedure.sql
		UDB\StoredProc\eWeb.DeleteConfigExtension.StoredProcedure.sql = UDB\StoredProc\eWeb.DeleteConfigExtension.StoredProcedure.sql
		UDB\StoredProc\eWeb.DeleteDocumentExtension.StoredProcedure.sql = UDB\StoredProc\eWeb.DeleteDocumentExtension.StoredProcedure.sql
		UDB\StoredProc\eWeb.DeleteScheduleExtensions.StoredProcedure.sql = UDB\StoredProc\eWeb.DeleteScheduleExtensions.StoredProcedure.sql
		UDB\StoredProc\eWeb.DeleteSiteSchedule.StoredProcedure.sql = UDB\StoredProc\eWeb.DeleteSiteSchedule.StoredProcedure.sql
		UDB\StoredProc\eWeb.DeleteStudentExtension.StoredProcedure.sql = UDB\StoredProc\eWeb.DeleteStudentExtension.StoredProcedure.sql
		UDB\StoredProc\eWeb.DeleteStudentGroup.StoredProcedure.sql = UDB\StoredProc\eWeb.DeleteStudentGroup.StoredProcedure.sql
		UDB\StoredProc\eWeb.DeleteTeacher.StoredProcedure.sql = UDB\StoredProc\eWeb.DeleteTeacher.StoredProcedure.sql
		UDB\StoredProc\eWeb.DeleteTestingWindow.StoredProcedure.sql = UDB\StoredProc\eWeb.DeleteTestingWindow.StoredProcedure.sql
		UDB\StoredProc\eWeb.DeleteTestSession.StoredProcedure.sql = UDB\StoredProc\eWeb.DeleteTestSession.StoredProcedure.sql
		UDB\StoredProc\eWeb.DeleteTestTicket.StoredProcedure.sql = UDB\StoredProc\eWeb.DeleteTestTicket.StoredProcedure.sql
		UDB\StoredProc\eWeb.DeleteTestTicketMultiSelect.StoredProcedure.sql = UDB\StoredProc\eWeb.DeleteTestTicketMultiSelect.StoredProcedure.sql
		UDB\StoredProc\eWeb.DropFunc_IfExists.StoredProcedure.sql = UDB\StoredProc\eWeb.DropFunc_IfExists.StoredProcedure.sql
		UDB\StoredProc\eWeb.DropProc_IfExists.StoredProcedure.sql = UDB\StoredProc\eWeb.DropProc_IfExists.StoredProcedure.sql
		UDB\StoredProc\eWeb.DropTable_IfExists.StoredProcedure.sql = UDB\StoredProc\eWeb.DropTable_IfExists.StoredProcedure.sql
		UDB\StoredProc\eWeb.eWebApplet_InsertOrUpdate.StoredProcedure.sql = UDB\StoredProc\eWeb.eWebApplet_InsertOrUpdate.StoredProcedure.sql
		UDB\StoredProc\eWeb.eWebTimeWindow_Delete.StoredProcedure.sql = UDB\StoredProc\eWeb.eWebTimeWindow_Delete.StoredProcedure.sql
		UDB\StoredProc\eWeb.eWebTimeWindow_InsertOrUpdate.StoredProcedure.sql = UDB\StoredProc\eWeb.eWebTimeWindow_InsertOrUpdate.StoredProcedure.sql
		UDB\StoredProc\eWeb.FindStudent.StoredProcedure.sql = UDB\StoredProc\eWeb.FindStudent.StoredProcedure.sql
		UDB\StoredProc\eWeb.FixAccommodatedTicket.StoredProcedure.sql = UDB\StoredProc\eWeb.FixAccommodatedTicket.StoredProcedure.sql
		UDB\StoredProc\eWeb.FixPrintOnDemandRequest.StoredProcedure.sql = UDB\StoredProc\eWeb.FixPrintOnDemandRequest.StoredProcedure.sql
		UDB\StoredProc\eWeb.GetAccommodationContentAreas.StoredProcedure.sql = UDB\StoredProc\eWeb.GetAccommodationContentAreas.StoredProcedure.sql
		UDB\StoredProc\eWeb.GetAccomodations.StoredProcedure.sql = UDB\StoredProc\eWeb.GetAccomodations.StoredProcedure.sql
		UDB\StoredProc\eWeb.GetActiveSchoolTeachers.StoredProcedure.sql = UDB\StoredProc\eWeb.GetActiveSchoolTeachers.StoredProcedure.sql
		UDB\StoredProc\eWeb.GetAdministrationsByCopyWindow.StoredProcedure.sql = UDB\StoredProc\eWeb.GetAdministrationsByCopyWindow.StoredProcedure.sql
		UDB\StoredProc\eWeb.GetAdministrationsWithScoring.StoredProcedure.sql = UDB\StoredProc\eWeb.GetAdministrationsWithScoring.StoredProcedure.sql
		UDB\StoredProc\eWeb.GetAllAssessments.StoredProcedure.sql = UDB\StoredProc\eWeb.GetAllAssessments.StoredProcedure.sql
		UDB\StoredProc\eWeb.GetAllConfigExtensions.StoredProcedure.sql = UDB\StoredProc\eWeb.GetAllConfigExtensions.StoredProcedure.sql
		UDB\StoredProc\eWeb.GetAllConfigExtensions_TestSetup.StoredProcedure.sql = UDB\StoredProc\eWeb.GetAllConfigExtensions_TestSetup.StoredProcedure.sql
		UDB\StoredProc\eWeb.GetAllGradesWithoutIsNotOnlineTestingFlag.StoredProcedure.sql = UDB\StoredProc\eWeb.GetAllGradesWithoutIsNotOnlineTestingFlag.StoredProcedure.sql
		UDB\StoredProc\eWeb.GetAllModuleDocumentIDs.StoredProcedure.sql = UDB\StoredProc\eWeb.GetAllModuleDocumentIDs.StoredProcedure.sql
		UDB\StoredProc\eWeb.GetAlternateTestingSites.StoredProcedure.sql = UDB\StoredProc\eWeb.GetAlternateTestingSites.StoredProcedure.sql
		UDB\StoredProc\eWeb.GetAssessmentByContentArea.StoredProcedure.sql = UDB\StoredProc\eWeb.GetAssessmentByContentArea.StoredProcedure.sql
		UDB\StoredProc\eWeb.GetAssessments.StoredProcedure.sql = UDB\StoredProc\eWeb.GetAssessments.StoredProcedure.sql
		UDB\StoredProc\eWeb.GetAssessmentsByContentArea.StoredProcedure.sql = UDB\StoredProc\eWeb.GetAssessmentsByContentArea.StoredProcedure.sql
		UDB\StoredProc\eWeb.GetAssessmentsByGrade.StoredProcedure.sql = UDB\StoredProc\eWeb.GetAssessmentsByGrade.StoredProcedure.sql
		UDB\StoredProc\eWeb.GetAssessmentsByStudent.StoredProcedure.sql = UDB\StoredProc\eWeb.GetAssessmentsByStudent.StoredProcedure.sql
		UDB\StoredProc\eWeb.GetAssessmentScheduleForSchool.StoredProcedure.sql = UDB\StoredProc\eWeb.GetAssessmentScheduleForSchool.StoredProcedure.sql
		UDB\StoredProc\eWeb.GetAssessmentScheduleForSchoolByGrade.StoredProcedure.sql = UDB\StoredProc\eWeb.GetAssessmentScheduleForSchoolByGrade.StoredProcedure.sql
		UDB\StoredProc\eWeb.GetAssessmentScheduleForSession.StoredProcedure.sql = UDB\StoredProc\eWeb.GetAssessmentScheduleForSession.StoredProcedure.sql
		UDB\StoredProc\eWeb.GetAssessmentSchedulesForTestWindow.StoredProcedure.sql = UDB\StoredProc\eWeb.GetAssessmentSchedulesForTestWindow.StoredProcedure.sql
		UDB\StoredProc\eWeb.GetConfigExtensionPossibleValues.StoredProcedure.sql = UDB\StoredProc\eWeb.GetConfigExtensionPossibleValues.StoredProcedure.sql
		UDB\StoredProc\eWeb.GetContentAreas.StoredProcedure.sql = UDB\StoredProc\eWeb.GetContentAreas.StoredProcedure.sql
		UDB\StoredProc\eWeb.GetContentAreasWithOptionalProcessing.StoredProcedure.sql = UDB\StoredProc\eWeb.GetContentAreasWithOptionalProcessing.StoredProcedure.sql
		UDB\StoredProc\eWeb.GetDiagnosticCategoriesByAssessment.StoredProcedure.sql = UDB\StoredProc\eWeb.GetDiagnosticCategoriesByAssessment.StoredProcedure.sql
		UDB\StoredProc\eWeb.GetDiagnosticCategoryAssessmentsByContentArea.StoredProcedure.sql = UDB\StoredProc\eWeb.GetDiagnosticCategoryAssessmentsByContentArea.StoredProcedure.sql
		UDB\StoredProc\eWeb.GetDistrictsByTestWindow.StoredProcedure.sql = UDB\StoredProc\eWeb.GetDistrictsByTestWindow.StoredProcedure.sql
		UDB\StoredProc\eWeb.GetEducScoringCertsByAdminIDs.StoredProcedure.sql = UDB\StoredProc\eWeb.GetEducScoringCertsByAdminIDs.StoredProcedure.sql
		UDB\StoredProc\eWeb.GetEISPopulatedData.StoredProcedure.sql = UDB\StoredProc\eWeb.GetEISPopulatedData.StoredProcedure.sql
		UDB\StoredProc\eWeb.GetEligibleGrades.StoredProcedure.sql = UDB\StoredProc\eWeb.GetEligibleGrades.StoredProcedure.sql
		UDB\StoredProc\eWeb.GetEligibleGradesByContentArea.StoredProcedure.sql = UDB\StoredProc\eWeb.GetEligibleGradesByContentArea.StoredProcedure.sql
		UDB\StoredProc\eWeb.GetEligibleGradesByStudent.StoredProcedure.sql = UDB\StoredProc\eWeb.GetEligibleGradesByStudent.StoredProcedure.sql
		UDB\StoredProc\eWeb.GetEnrollmentOrderItems.StoredProcedure.sql = UDB\StoredProc\eWeb.GetEnrollmentOrderItems.StoredProcedure.sql
		UDB\StoredProc\eWeb.GetExaminerPassword.StoredProcedure.sql = UDB\StoredProc\eWeb.GetExaminerPassword.StoredProcedure.sql
		UDB\StoredProc\eWeb.GetExistingAssessments.StoredProcedure.sql = UDB\StoredProc\eWeb.GetExistingAssessments.StoredProcedure.sql
		UDB\StoredProc\eWeb.GetExtensionForAllTickets.StoredProcedure.sql = UDB\StoredProc\eWeb.GetExtensionForAllTickets.StoredProcedure.sql
		UDB\StoredProc\eWeb.GetGrades.StoredProcedure.sql = UDB\StoredProc\eWeb.GetGrades.StoredProcedure.sql
		UDB\StoredProc\eWeb.GetHistoricalStudentID.StoredProcedure.sql = UDB\StoredProc\eWeb.GetHistoricalStudentID.StoredProcedure.sql
		UDB\StoredProc\eWeb.GetMapConfigsByStudent.StoredProcedure.sql = UDB\StoredProc\eWeb.GetMapConfigsByStudent.StoredProcedure.sql
		UDB\StoredProc\eWeb.GetMapConfigurations.StoredProcedure.sql = UDB\StoredProc\eWeb.GetMapConfigurations.StoredProcedure.sql
		UDB\StoredProc\eWeb.GetMatchingSchoolTeachers.StoredProcedure.sql = UDB\StoredProc\eWeb.GetMatchingSchoolTeachers.StoredProcedure.sql
		UDB\StoredProc\eWeb.GetMatchingStudentGroups.StoredProcedure.sql = UDB\StoredProc\eWeb.GetMatchingStudentGroups.StoredProcedure.sql
		UDB\StoredProc\eWeb.GetMatchingStudentGroupsWithExtensions.StoredProcedure.sql = UDB\StoredProc\eWeb.GetMatchingStudentGroupsWithExtensions.StoredProcedure.sql
		UDB\StoredProc\eWeb.GetMatchingStudents.StoredProcedure.sql = UDB\StoredProc\eWeb.GetMatchingStudents.StoredProcedure.sql
		UDB\StoredProc\eWeb.GetMaterialOrderStatus.StoredProcedure.sql = UDB\StoredProc\eWeb.GetMaterialOrderStatus.StoredProcedure.sql
		UDB\StoredProc\eWeb.GetMaterialsOrderColumns.StoredProcedure.sql = UDB\StoredProc\eWeb.GetMaterialsOrderColumns.StoredProcedure.sql
		UDB\StoredProc\eWeb.GetOrderedAssessmentScheduleForSchool.StoredProcedure.sql = UDB\StoredProc\eWeb.GetOrderedAssessmentScheduleForSchool.StoredProcedure.sql
		UDB\StoredProc\eWeb.GetPrintTestItemRequests.StoredProcedure.sql = UDB\StoredProc\eWeb.GetPrintTestItemRequests.StoredProcedure.sql
		UDB\StoredProc\eWeb.GetPrintTestItemRequestsForPdf.StoredProcedure.sql = UDB\StoredProc\eWeb.GetPrintTestItemRequestsForPdf.StoredProcedure.sql
		UDB\StoredProc\eWeb.GetReadonlyTeacherIds.StoredProcedure.sql = UDB\StoredProc\eWeb.GetReadonlyTeacherIds.StoredProcedure.sql
		UDB\StoredProc\eWeb.GetRosterGroupsForSite.StoredProcedure.sql = UDB\StoredProc\eWeb.GetRosterGroupsForSite.StoredProcedure.sql
		UDB\StoredProc\eWeb.GetRosterGroupsForStudent.StoredProcedure.sql = UDB\StoredProc\eWeb.GetRosterGroupsForStudent.StoredProcedure.sql
		UDB\StoredProc\eWeb.GetScheduleExtensions.StoredProcedure.sql = UDB\StoredProc\eWeb.GetScheduleExtensions.StoredProcedure.sql
		UDB\StoredProc\eWeb.GetSchoolsByAssessmentSpiralForm.StoredProcedure.sql = UDB\StoredProc\eWeb.GetSchoolsByAssessmentSpiralForm.StoredProcedure.sql
		UDB\StoredProc\eWeb.GetSchoolsByTestWindow.StoredProcedure.sql = UDB\StoredProc\eWeb.GetSchoolsByTestWindow.StoredProcedure.sql
		UDB\StoredProc\eWeb.GetSchoolsHaveStartedTicketsByDistrict.StoredProcedure.sql = UDB\StoredProc\eWeb.GetSchoolsHaveStartedTicketsByDistrict.StoredProcedure.sql
		UDB\StoredProc\eWeb.GetSessionAssociatedTeacherIDs.StoredProcedure.sql = UDB\StoredProc\eWeb.GetSessionAssociatedTeacherIDs.StoredProcedure.sql
		UDB\StoredProc\eWeb.GetStudentAccommodationContentAreaSelections.StoredProcedure.sql = UDB\StoredProc\eWeb.GetStudentAccommodationContentAreaSelections.StoredProcedure.sql
		UDB\StoredProc\eWeb.GetStudentByStateStudentID.StoredProcedure.sql = UDB\StoredProc\eWeb.GetStudentByStateStudentID.StoredProcedure.sql
		UDB\StoredProc\eWeb.GetStudentCountByAssessmentSpiralForm.StoredProcedure.sql = UDB\StoredProc\eWeb.GetStudentCountByAssessmentSpiralForm.StoredProcedure.sql
		UDB\StoredProc\eWeb.GetStudentCountBySchoolAssessmentSpiralForm.StoredProcedure.sql = UDB\StoredProc\eWeb.GetStudentCountBySchoolAssessmentSpiralForm.StoredProcedure.sql
		UDB\StoredProc\eWeb.GetStudentDetails.StoredProcedure.sql = UDB\StoredProc\eWeb.GetStudentDetails.StoredProcedure.sql
		UDB\StoredProc\eWeb.GetStudentDetailsBySite.StoredProcedure.sql = UDB\StoredProc\eWeb.GetStudentDetailsBySite.StoredProcedure.sql
		UDB\StoredProc\eWeb.GetStudentDetailV2.StoredProcedure.sql = UDB\StoredProc\eWeb.GetStudentDetailV2.StoredProcedure.sql
		UDB\StoredProc\eWeb.GetStudentExtensionValues.StoredProcedure.sql = UDB\StoredProc\eWeb.GetStudentExtensionValues.StoredProcedure.sql
		UDB\StoredProc\eWeb.GetStudentGrades.StoredProcedure.sql = UDB\StoredProc\eWeb.GetStudentGrades.StoredProcedure.sql
		UDB\StoredProc\eWeb.GetStudentLookupDetailsForExportV2.StoredProcedure.sql = UDB\StoredProc\eWeb.GetStudentLookupDetailsForExportV2.StoredProcedure.sql
		UDB\StoredProc\eWeb.GetStudentNumberBySite.StoredProcedure.sql = UDB\StoredProc\eWeb.GetStudentNumberBySite.StoredProcedure.sql
		UDB\StoredProc\eWeb.GetStudents.StoredProcedure.sql = UDB\StoredProc\eWeb.GetStudents.StoredProcedure.sql
		UDB\StoredProc\eWeb.GetStudentsForDynamicReports.StoredProcedure.sql = UDB\StoredProc\eWeb.GetStudentsForDynamicReports.StoredProcedure.sql
		UDB\StoredProc\eWeb.GetStudentsForSession.StoredProcedure.sql = UDB\StoredProc\eWeb.GetStudentsForSession.StoredProcedure.sql
		UDB\StoredProc\eWeb.GetStudentsForSessionNTeacher.StoredProcedure.sql = UDB\StoredProc\eWeb.GetStudentsForSessionNTeacher.StoredProcedure.sql
		UDB\StoredProc\eWeb.GetStudentsForSessionPA.StoredProcedure.sql = UDB\StoredProc\eWeb.GetStudentsForSessionPA.StoredProcedure.sql
		UDB\StoredProc\eWeb.GetStudentsInGroup.StoredProcedure.sql = UDB\StoredProc\eWeb.GetStudentsInGroup.StoredProcedure.sql
		UDB\StoredProc\eWeb.GetStudentsInSession.StoredProcedure.sql = UDB\StoredProc\eWeb.GetStudentsInSession.StoredProcedure.sql
		UDB\StoredProc\eWeb.GetStudentsNotInUsersGroup.StoredProcedure.sql = UDB\StoredProc\eWeb.GetStudentsNotInUsersGroup.StoredProcedure.sql
		UDB\StoredProc\eWeb.GetStudentStatus.StoredProcedure.sql = UDB\StoredProc\eWeb.GetStudentStatus.StoredProcedure.sql
		UDB\StoredProc\eWeb.GetStudentSummaryByTeacher.StoredProcedure.sql = UDB\StoredProc\eWeb.GetStudentSummaryByTeacher.StoredProcedure.sql
		UDB\StoredProc\eWeb.GetStudentSummaryByTestSession.StoredProcedure.sql = UDB\StoredProc\eWeb.GetStudentSummaryByTestSession.StoredProcedure.sql
		UDB\StoredProc\eWeb.GetStudentsWithScores.StoredProcedure.sql = UDB\StoredProc\eWeb.GetStudentsWithScores.StoredProcedure.sql
		UDB\StoredProc\eWeb.GetStudentTransferRequest.StoredProcedure.sql = UDB\StoredProc\eWeb.GetStudentTransferRequest.StoredProcedure.sql
		UDB\StoredProc\eWeb.GetStudentTransferRequestFromList.StoredProcedure.sql = UDB\StoredProc\eWeb.GetStudentTransferRequestFromList.StoredProcedure.sql
		UDB\StoredProc\eWeb.GetStudentUsername.StoredProcedure.sql = UDB\StoredProc\eWeb.GetStudentUsername.StoredProcedure.sql
		UDB\StoredProc\eWeb.GetSubTestLevels.StoredProcedure.sql = UDB\StoredProc\eWeb.GetSubTestLevels.StoredProcedure.sql
		UDB\StoredProc\eWeb.GetTeacher.StoredProcedure.sql = UDB\StoredProc\eWeb.GetTeacher.StoredProcedure.sql
		UDB\StoredProc\eWeb.GetTeacherContentAreas.StoredProcedure.sql = UDB\StoredProc\eWeb.GetTeacherContentAreas.StoredProcedure.sql
		UDB\StoredProc\eWeb.GetTestedContentAreas.StoredProcedure.sql = UDB\StoredProc\eWeb.GetTestedContentAreas.StoredProcedure.sql
		UDB\StoredProc\eWeb.GetTestSessionById.StoredProcedure.sql = UDB\StoredProc\eWeb.GetTestSessionById.StoredProcedure.sql
		UDB\StoredProc\eWeb.GetTestSessions3.StoredProcedure.sql = UDB\StoredProc\eWeb.GetTestSessions3.StoredProcedure.sql
		UDB\StoredProc\eWeb.GetTestSessions_JMS.StoredProcedure.sql = UDB\StoredProc\eWeb.GetTestSessions_JMS.StoredProcedure.sql
		UDB\StoredProc\eWeb.GetTestSessions_xx.StoredProcedure.sql = UDB\StoredProc\eWeb.GetTestSessions_xx.StoredProcedure.sql
		UDB\StoredProc\eWeb.GetTestSessionsBySchool.StoredProcedure.sql = UDB\StoredProc\eWeb.GetTestSessionsBySchool.StoredProcedure.sql
		UDB\StoredProc\eWeb.GetTestSessionsBySchoolAssess.StoredProcedure.sql = UDB\StoredProc\eWeb.GetTestSessionsBySchoolAssess.StoredProcedure.sql
		UDB\StoredProc\eWeb.GetTestSessionsBySchoolAssessForTeacher.StoredProcedure.sql = UDB\StoredProc\eWeb.GetTestSessionsBySchoolAssessForTeacher.StoredProcedure.sql
		UDB\StoredProc\eWeb.GetTestSessionsCountPerStatus.StoredProcedure.sql = UDB\StoredProc\eWeb.GetTestSessionsCountPerStatus.StoredProcedure.sql
		UDB\StoredProc\eWeb.GetTestSessionSubTestLevels.StoredProcedure.sql = UDB\StoredProc\eWeb.GetTestSessionSubTestLevels.StoredProcedure.sql
		UDB\StoredProc\eWeb.GetTestSessionSummary.StoredProcedure.sql = UDB\StoredProc\eWeb.GetTestSessionSummary.StoredProcedure.sql
		UDB\StoredProc\eWeb.GetTestSessionSummaryByTeacher.StoredProcedure.sql = UDB\StoredProc\eWeb.GetTestSessionSummaryByTeacher.StoredProcedure.sql
		UDB\StoredProc\eWeb.GetTestSessionsWStudentDetails.StoredProcedure.sql = UDB\StoredProc\eWeb.GetTestSessionsWStudentDetails.StoredProcedure.sql
		UDB\StoredProc\eWeb.GetTestSessionsWTeachers.StoredProcedure.sql = UDB\StoredProc\eWeb.GetTestSessionsWTeachers.StoredProcedure.sql
		UDB\StoredProc\eWeb.GetTestTicketLayout.StoredProcedure.sql = UDB\StoredProc\eWeb.GetTestTicketLayout.StoredProcedure.sql
		UDB\StoredProc\eWeb.GetTestWindows.StoredProcedure.sql = UDB\StoredProc\eWeb.GetTestWindows.StoredProcedure.sql
		UDB\StoredProc\eWeb.GetTestWindowsBySchool.StoredProcedure.sql = UDB\StoredProc\eWeb.GetTestWindowsBySchool.StoredProcedure.sql
		UDB\StoredProc\eWeb.GetTicketsBySession.StoredProcedure.sql = UDB\StoredProc\eWeb.GetTicketsBySession.StoredProcedure.sql
		UDB\StoredProc\eWeb.GetTicketsBySessionForEducatorScoring.StoredProcedure.sql = UDB\StoredProc\eWeb.GetTicketsBySessionForEducatorScoring.StoredProcedure.sql
		UDB\StoredProc\eWeb.GetTicketsBySessionWithAccommsForUnsupportedForms.StoredProcedure.sql = UDB\StoredProc\eWeb.GetTicketsBySessionWithAccommsForUnsupportedForms.StoredProcedure.sql
		UDB\StoredProc\eWeb.GetTicketsBySessionWithItemCounts.StoredProcedure.sql = UDB\StoredProc\eWeb.GetTicketsBySessionWithItemCounts.StoredProcedure.sql
		UDB\StoredProc\eWeb.GetTicketsBySessionWithItemCounts_ContinuousMultiModule.StoredProcedure.sql = UDB\StoredProc\eWeb.GetTicketsBySessionWithItemCounts_ContinuousMultiModule.StoredProcedure.sql
		UDB\StoredProc\eWeb.GetTicketsBySessionWithItemCounts_MultiSelect.StoredProcedure.sql = UDB\StoredProc\eWeb.GetTicketsBySessionWithItemCounts_MultiSelect.StoredProcedure.sql
		UDB\StoredProc\eWeb.GetTicketsByStudent.StoredProcedure.sql = UDB\StoredProc\eWeb.GetTicketsByStudent.StoredProcedure.sql
		UDB\StoredProc\eWeb.GetTicketsForCSV.StoredProcedure.sql = UDB\StoredProc\eWeb.GetTicketsForCSV.StoredProcedure.sql
		UDB\StoredProc\eWeb.GetTicketStatusesBySession.StoredProcedure.sql = UDB\StoredProc\eWeb.GetTicketStatusesBySession.StoredProcedure.sql
		UDB\StoredProc\eWeb.GetTicketSummary.StoredProcedure.sql = UDB\StoredProc\eWeb.GetTicketSummary.StoredProcedure.sql
		UDB\StoredProc\eWeb.GetTicketSummaryByTeacher.StoredProcedure.sql = UDB\StoredProc\eWeb.GetTicketSummaryByTeacher.StoredProcedure.sql
		UDB\StoredProc\eWeb.GetTierForDocument.StoredProcedure.sql = UDB\StoredProc\eWeb.GetTierForDocument.StoredProcedure.sql
		UDB\StoredProc\eWeb.GetTransactionalSources.StoredProcedure.sql = UDB\StoredProc\eWeb.GetTransactionalSources.StoredProcedure.sql
		UDB\StoredProc\eWeb.GetUsageByContentArea.StoredProcedure.sql = UDB\StoredProc\eWeb.GetUsageByContentArea.StoredProcedure.sql
		UDB\StoredProc\eWeb.GetUsageReportParticipationCharter.StoredProcedure.sql = UDB\StoredProc\eWeb.GetUsageReportParticipationCharter.StoredProcedure.sql
		UDB\StoredProc\eWeb.GetUsageReportParticipationCTC.StoredProcedure.sql = UDB\StoredProc\eWeb.GetUsageReportParticipationCTC.StoredProcedure.sql
		UDB\StoredProc\eWeb.GetUsageReportParticipationDistrict.StoredProcedure.sql = UDB\StoredProc\eWeb.GetUsageReportParticipationDistrict.StoredProcedure.sql
		UDB\StoredProc\eWeb.GetUsageReportParticipationSchool.StoredProcedure.sql = UDB\StoredProc\eWeb.GetUsageReportParticipationSchool.StoredProcedure.sql
		UDB\StoredProc\eWeb.GetUsageReportParticipationSchoolByDistrict.StoredProcedure.sql = UDB\StoredProc\eWeb.GetUsageReportParticipationSchoolByDistrict.StoredProcedure.sql
		UDB\StoredProc\eWeb.GetUsageReportParticipationThreeNineNine.StoredProcedure.sql = UDB\StoredProc\eWeb.GetUsageReportParticipationThreeNineNine.StoredProcedure.sql
		UDB\StoredProc\eWeb.IsComputerAdaptiveTest.StoredProcedure.sql = UDB\StoredProc\eWeb.IsComputerAdaptiveTest.StoredProcedure.sql
		UDB\StoredProc\eWeb.IsSchoolPublic.StoredProcedure.sql = UDB\StoredProc\eWeb.IsSchoolPublic.StoredProcedure.sql
		UDB\StoredProc\eWeb.IsStudentInGroupAtSite.StoredProcedure.sql = UDB\StoredProc\eWeb.IsStudentInGroupAtSite.StoredProcedure.sql
		UDB\StoredProc\eWeb.IsStudentRosterGroup.StoredProcedure.sql = UDB\StoredProc\eWeb.IsStudentRosterGroup.StoredProcedure.sql
		UDB\StoredProc\eWeb.IsStudentV2.StoredProcedure.sql = UDB\StoredProc\eWeb.IsStudentV2.StoredProcedure.sql
		UDB\StoredProc\eWeb.IsTeacher.StoredProcedure.sql = UDB\StoredProc\eWeb.IsTeacher.StoredProcedure.sql
		UDB\StoredProc\eWeb.IsUserTeacher.StoredProcedure.sql = UDB\StoredProc\eWeb.IsUserTeacher.StoredProcedure.sql
		UDB\StoredProc\eWeb.JobDailyExcessiveLogins.StoredProcedure.sql = UDB\StoredProc\eWeb.JobDailyExcessiveLogins.StoredProcedure.sql
		UDB\StoredProc\eWeb.JobTestingStatusBySchool.StoredProcedure.sql = UDB\StoredProc\eWeb.JobTestingStatusBySchool.StoredProcedure.sql
		UDB\StoredProc\eWeb.MailingMapping_InsertOrUpdate.StoredProcedure.sql = UDB\StoredProc\eWeb.MailingMapping_InsertOrUpdate.StoredProcedure.sql
		UDB\StoredProc\eWeb.MakeAssessmentFormsPendingObsolete.StoredProcedure.sql = UDB\StoredProc\eWeb.MakeAssessmentFormsPendingObsolete.StoredProcedure.sql
		UDB\StoredProc\eWeb.RegenerateTicket.StoredProcedure.sql = UDB\StoredProc\eWeb.RegenerateTicket.StoredProcedure.sql
		UDB\StoredProc\eWeb.RemoveStudentFromGroup.StoredProcedure.sql = UDB\StoredProc\eWeb.RemoveStudentFromGroup.StoredProcedure.sql
		UDB\StoredProc\eWeb.ReportCumulativeStudentStatus.StoredProcedure.sql = UDB\StoredProc\eWeb.ReportCumulativeStudentStatus.StoredProcedure.sql
		UDB\StoredProc\eWeb.ReportCumulativeStudentStatusManualRun.StoredProcedure.sql = UDB\StoredProc\eWeb.ReportCumulativeStudentStatusManualRun.StoredProcedure.sql
		UDB\StoredProc\eWeb.ReportDailyExcessiveLogins.StoredProcedure.sql = UDB\StoredProc\eWeb.ReportDailyExcessiveLogins.StoredProcedure.sql
		UDB\StoredProc\eWeb.ReportDailySchoolResets.StoredProcedure.sql = UDB\StoredProc\eWeb.ReportDailySchoolResets.StoredProcedure.sql
		UDB\StoredProc\eWeb.ReportDailyStudentResets.StoredProcedure.sql = UDB\StoredProc\eWeb.ReportDailyStudentResets.StoredProcedure.sql
		UDB\StoredProc\eWeb.ReportDailyStudentStatus.StoredProcedure.sql = UDB\StoredProc\eWeb.ReportDailyStudentStatus.StoredProcedure.sql
		UDB\StoredProc\eWeb.ReportExcessiveLoginsPerTest.StoredProcedure.sql = UDB\StoredProc\eWeb.ReportExcessiveLoginsPerTest.StoredProcedure.sql
		UDB\StoredProc\eWeb.ReportingRawScoreGroupSummary.StoredProcedure.sql = UDB\StoredProc\eWeb.ReportingRawScoreGroupSummary.StoredProcedure.sql
		UDB\StoredProc\eWeb.ReportingRawScoreGroupSummaryEISScores.StoredProcedure.sql = UDB\StoredProc\eWeb.ReportingRawScoreGroupSummaryEISScores.StoredProcedure.sql
		UDB\StoredProc\eWeb.ReportingRawScoreGroupSummaryEISScoresV7.StoredProcedure.sql = UDB\StoredProc\eWeb.ReportingRawScoreGroupSummaryEISScoresV7.StoredProcedure.sql
		UDB\StoredProc\eWeb.ReportingRawScoreRoster.StoredProcedure.sql = UDB\StoredProc\eWeb.ReportingRawScoreRoster.StoredProcedure.sql
		UDB\StoredProc\eWeb.ReportingRawScoreRosterV2.StoredProcedure.sql = UDB\StoredProc\eWeb.ReportingRawScoreRosterV2.StoredProcedure.sql
		UDB\StoredProc\eWeb.ReportingRawScoreRosterV3.StoredProcedure.sql = UDB\StoredProc\eWeb.ReportingRawScoreRosterV3.StoredProcedure.sql
		UDB\StoredProc\eWeb.ReportingRawScoreRosterV4.StoredProcedure.sql = UDB\StoredProc\eWeb.ReportingRawScoreRosterV4.StoredProcedure.sql
		UDB\StoredProc\eWeb.ReportingRawScoreRosterV5.StoredProcedure.sql = UDB\StoredProc\eWeb.ReportingRawScoreRosterV5.StoredProcedure.sql
		UDB\StoredProc\eWeb.ReportingRawScoreRosterV6.StoredProcedure.sql = UDB\StoredProc\eWeb.ReportingRawScoreRosterV6.StoredProcedure.sql
		UDB\StoredProc\eWeb.ReportingRawScoreRosterV7.StoredProcedure.sql = UDB\StoredProc\eWeb.ReportingRawScoreRosterV7.StoredProcedure.sql
		UDB\StoredProc\eWeb.ReportSummaryOfTestTimes.StoredProcedure.sql = UDB\StoredProc\eWeb.ReportSummaryOfTestTimes.StoredProcedure.sql
		UDB\StoredProc\eWeb.ReportTestingStatistics.StoredProcedure.sql = UDB\StoredProc\eWeb.ReportTestingStatistics.StoredProcedure.sql
		UDB\StoredProc\eWeb.ReportTestingStatistics_State.StoredProcedure.sql = UDB\StoredProc\eWeb.ReportTestingStatistics_State.StoredProcedure.sql
		UDB\StoredProc\eWeb.ReportTestingStatusBySchool.StoredProcedure.sql = UDB\StoredProc\eWeb.ReportTestingStatusBySchool.StoredProcedure.sql
		UDB\StoredProc\eWeb.ReportWeeklyDistrict.StoredProcedure.sql = UDB\StoredProc\eWeb.ReportWeeklyDistrict.StoredProcedure.sql
		UDB\StoredProc\eWeb.ResetMaterialsOrdersToZero.StoredProcedure.sql = UDB\StoredProc\eWeb.ResetMaterialsOrdersToZero.StoredProcedure.sql
		UDB\StoredProc\eWeb.ResetTicket.StoredProcedure.sql = UDB\StoredProc\eWeb.ResetTicket.StoredProcedure.sql
		UDB\StoredProc\eWeb.ResetTRS.StoredProcedure.sql = UDB\StoredProc\eWeb.ResetTRS.StoredProcedure.sql
		UDB\StoredProc\eWeb.SaveConfigExtension.StoredProcedure.sql = UDB\StoredProc\eWeb.SaveConfigExtension.StoredProcedure.sql
		UDB\StoredProc\eWeb.SaveDocumentExtension.StoredProcedure.sql = UDB\StoredProc\eWeb.SaveDocumentExtension.StoredProcedure.sql
		UDB\StoredProc\eWeb.SaveEnrollmentCustomizedQuestionAnswer.StoredProcedure.sql = UDB\StoredProc\eWeb.SaveEnrollmentCustomizedQuestionAnswer.StoredProcedure.sql
		UDB\StoredProc\eWeb.SaveEnrollmentOrder.StoredProcedure.sql = UDB\StoredProc\eWeb.SaveEnrollmentOrder.StoredProcedure.sql
		UDB\StoredProc\eWeb.SaveEnrollmentOrderItem.StoredProcedure.sql = UDB\StoredProc\eWeb.SaveEnrollmentOrderItem.StoredProcedure.sql
		UDB\StoredProc\eWeb.SaveMaterialsOrder.StoredProcedure.sql = UDB\StoredProc\eWeb.SaveMaterialsOrder.StoredProcedure.sql
		UDB\StoredProc\eWeb.SaveScheduleExtension.StoredProcedure.sql = UDB\StoredProc\eWeb.SaveScheduleExtension.StoredProcedure.sql
		UDB\StoredProc\eWeb.SaveStudent.StoredProcedure.sql = UDB\StoredProc\eWeb.SaveStudent.StoredProcedure.sql
		UDB\StoredProc\eWeb.SaveStudentExtension.StoredProcedure.sql = UDB\StoredProc\eWeb.SaveStudentExtension.StoredProcedure.sql
		UDB\StoredProc\eWeb.SaveStudentTransferRequest.StoredProcedure.sql = UDB\StoredProc\eWeb.SaveStudentTransferRequest.StoredProcedure.sql
		UDB\StoredProc\eWeb.ScoringContentAreas_InsertOrUpdate.StoredProcedure.sql = UDB\StoredProc\eWeb.ScoringContentAreas_InsertOrUpdate.StoredProcedure.sql
		UDB\StoredProc\eWeb.ScoringOption_Change.StoredProcedure.sql = UDB\StoredProc\eWeb.ScoringOption_Change.StoredProcedure.sql
		UDB\StoredProc\eWeb.SessionLog_AddEntry.StoredProcedure.sql = UDB\StoredProc\eWeb.SessionLog_AddEntry.StoredProcedure.sql
		UDB\StoredProc\eWeb.StrongMailMailing_InsertOrUpdate.StoredProcedure.sql = UDB\StoredProc\eWeb.StrongMailMailing_InsertOrUpdate.StoredProcedure.sql
		UDB\StoredProc\eWeb.SubTestLevels_InsertOrUpdate.StoredProcedure.sql = UDB\StoredProc\eWeb.SubTestLevels_InsertOrUpdate.StoredProcedure.sql
		UDB\StoredProc\eWeb.TestSessionHistory_AddEntry.StoredProcedure.sql = UDB\StoredProc\eWeb.TestSessionHistory_AddEntry.StoredProcedure.sql
		UDB\StoredProc\eWeb.TransactionalSources_Delete.StoredProcedure.sql = UDB\StoredProc\eWeb.TransactionalSources_Delete.StoredProcedure.sql
		UDB\StoredProc\eWeb.TransactionalSources_InsertOrUpdate.StoredProcedure.sql = UDB\StoredProc\eWeb.TransactionalSources_InsertOrUpdate.StoredProcedure.sql
		UDB\StoredProc\eWeb.UnassignSchoolByAssessmentSpiralForm.StoredProcedure.sql = UDB\StoredProc\eWeb.UnassignSchoolByAssessmentSpiralForm.StoredProcedure.sql
		UDB\StoredProc\eWeb.UpdateAssessmentSchedule.StoredProcedure.sql = UDB\StoredProc\eWeb.UpdateAssessmentSchedule.StoredProcedure.sql
		UDB\StoredProc\eWeb.UpdateAssessmentSchedule2.StoredProcedure.sql = UDB\StoredProc\eWeb.UpdateAssessmentSchedule2.StoredProcedure.sql
		UDB\StoredProc\eWeb.UpdateStudentAccommodations.StoredProcedure.sql = UDB\StoredProc\eWeb.UpdateStudentAccommodations.StoredProcedure.sql
		UDB\StoredProc\eWeb.UpdateStudentGroup.StoredProcedure.sql = UDB\StoredProc\eWeb.UpdateStudentGroup.StoredProcedure.sql
		UDB\StoredProc\eWeb.UpdateStudentTransferForm.StoredProcedure.sql = UDB\StoredProc\eWeb.UpdateStudentTransferForm.StoredProcedure.sql
		UDB\StoredProc\eWeb.UpdateTeacher.StoredProcedure.sql = UDB\StoredProc\eWeb.UpdateTeacher.StoredProcedure.sql
		UDB\StoredProc\eWeb.UpdateTeacherContentArea.StoredProcedure.sql = UDB\StoredProc\eWeb.UpdateTeacherContentArea.StoredProcedure.sql
		UDB\StoredProc\eWeb.UpdateTestSession.StoredProcedure.sql = UDB\StoredProc\eWeb.UpdateTestSession.StoredProcedure.sql
		UDB\StoredProc\eWeb.UpdateTestSessionMultiSelect.StoredProcedure.sql = UDB\StoredProc\eWeb.UpdateTestSessionMultiSelect.StoredProcedure.sql
		UDB\StoredProc\eWeb.UpdateTestSessionWTeacher.StoredProcedure.sql = UDB\StoredProc\eWeb.UpdateTestSessionWTeacher.StoredProcedure.sql
		UDB\StoredProc\eWeb.UpdateTestWindow.StoredProcedure.sql = UDB\StoredProc\eWeb.UpdateTestWindow.StoredProcedure.sql
		UDB\StoredProc\eWeb.UpdateTicketNotTestedCode.StoredProcedure.sql = UDB\StoredProc\eWeb.UpdateTicketNotTestedCode.StoredProcedure.sql
		UDB\StoredProc\eWeb.ValidateStudentExtensions.StoredProcedure.sql = UDB\StoredProc\eWeb.ValidateStudentExtensions.StoredProcedure.sql
		UDB\StoredProc\Insight.AddInsightLog.StoredProcedure.sql = UDB\StoredProc\Insight.AddInsightLog.StoredProcedure.sql
		UDB\StoredProc\Insight.AssignBreachForm.StoredProcedure.sql = UDB\StoredProc\Insight.AssignBreachForm.StoredProcedure.sql
		UDB\StoredProc\Insight.BuildProctoredUsername.StoredProcedure.sql = UDB\StoredProc\Insight.BuildProctoredUsername.StoredProcedure.sql
		UDB\StoredProc\Insight.CreateTestSession.StoredProcedure.sql = UDB\StoredProc\Insight.CreateTestSession.StoredProcedure.sql
		UDB\StoredProc\Insight.CreateTestTicket.StoredProcedure.sql = UDB\StoredProc\Insight.CreateTestTicket.StoredProcedure.sql
		UDB\StoredProc\Insight.DeleteTestSession.StoredProcedure.sql = UDB\StoredProc\Insight.DeleteTestSession.StoredProcedure.sql
		UDB\StoredProc\Insight.GenerateGenericPassword.StoredProcedure.sql = UDB\StoredProc\Insight.GenerateGenericPassword.StoredProcedure.sql
		UDB\StoredProc\Insight.GetAdministrationDetails.StoredProcedure.sql = UDB\StoredProc\Insight.GetAdministrationDetails.StoredProcedure.sql
		UDB\StoredProc\Insight.GetAdministrationList.StoredProcedure.sql = UDB\StoredProc\Insight.GetAdministrationList.StoredProcedure.sql
		UDB\StoredProc\Insight.GetCompletedTests.StoredProcedure.sql = UDB\StoredProc\Insight.GetCompletedTests.StoredProcedure.sql
		UDB\StoredProc\Insight.GetCompletedTestsWithResponses.StoredProcedure.sql = UDB\StoredProc\Insight.GetCompletedTestsWithResponses.StoredProcedure.sql
		UDB\StoredProc\Insight.GetDistinctSites.StoredProcedure.sql = UDB\StoredProc\Insight.GetDistinctSites.StoredProcedure.sql
		UDB\StoredProc\Insight.GetDistricts.StoredProcedure.sql = UDB\StoredProc\Insight.GetDistricts.StoredProcedure.sql
		UDB\StoredProc\Insight.GetSchools.StoredProcedure.sql = UDB\StoredProc\Insight.GetSchools.StoredProcedure.sql
		UDB\StoredProc\Insight.GetStudentProfile.StoredProcedure.sql = UDB\StoredProc\Insight.GetStudentProfile.StoredProcedure.sql
		UDB\StoredProc\Insight.GetStudentProfileIAT.StoredProcedure.sql = UDB\StoredProc\Insight.GetStudentProfileIAT.StoredProcedure.sql
		UDB\StoredProc\Insight.GetStudentUsername.StoredProcedure.sql = UDB\StoredProc\Insight.GetStudentUsername.StoredProcedure.sql
		UDB\StoredProc\Insight.GetTicketsByTestSession.StoredProcedure.sql = UDB\StoredProc\Insight.GetTicketsByTestSession.StoredProcedure.sql
		UDB\StoredProc\Insight.PrintOnDemandGetBarcodes.StoredProcedure.sql = UDB\StoredProc\Insight.PrintOnDemandGetBarcodes.StoredProcedure.sql
		UDB\StoredProc\Insight.PrintOnDemandGetNextBarcode.StoredProcedure.sql = UDB\StoredProc\Insight.PrintOnDemandGetNextBarcode.StoredProcedure.sql
		UDB\StoredProc\Insight.PrintOnDemandUpdateViewState.StoredProcedure.sql = UDB\StoredProc\Insight.PrintOnDemandUpdateViewState.StoredProcedure.sql
		UDB\StoredProc\Insight.ReassignDocumentUDBUpdate.StoredProcedure.sql = UDB\StoredProc\Insight.ReassignDocumentUDBUpdate.StoredProcedure.sql
		UDB\StoredProc\Insight.RegenerateTestTicket.StoredProcedure.sql = UDB\StoredProc\Insight.RegenerateTestTicket.StoredProcedure.sql
		UDB\StoredProc\Insight.ReportTierRespiraling.StoredProcedure.sql = UDB\StoredProc\Insight.ReportTierRespiraling.StoredProcedure.sql
		UDB\StoredProc\Insight.StudentMergeUDBUpdate.StoredProcedure.sql = UDB\StoredProc\Insight.StudentMergeUDBUpdate.StoredProcedure.sql
		UDB\StoredProc\Insight.SubmitOnlineTest.StoredProcedure.sql = UDB\StoredProc\Insight.SubmitOnlineTest.StoredProcedure.sql
		UDB\StoredProc\Insight.SubmitOnlineTestCAT.StoredProcedure.sql = UDB\StoredProc\Insight.SubmitOnlineTestCAT.StoredProcedure.sql
		UDB\StoredProc\Insight.SubmitOnlineTestCATNew.StoredProcedure.sql = UDB\StoredProc\Insight.SubmitOnlineTestCATNew.StoredProcedure.sql
		UDB\StoredProc\Insight.SubmitOnlineTestFixedScored.StoredProcedure.sql = UDB\StoredProc\Insight.SubmitOnlineTestFixedScored.StoredProcedure.sql
		UDB\StoredProc\Insight.SubmitOnlineTestIAT.StoredProcedure.sql = UDB\StoredProc\Insight.SubmitOnlineTestIAT.StoredProcedure.sql
		UDB\StoredProc\Insight.SubmitOnlineTestIATNew.StoredProcedure.sql = UDB\StoredProc\Insight.SubmitOnlineTestIATNew.StoredProcedure.sql
		UDB\StoredProc\Insight.TestTicketAssignLevel.StoredProcedure.sql = UDB\StoredProc\Insight.TestTicketAssignLevel.StoredProcedure.sql
		UDB\StoredProc\Insight.TestTicketCreate.StoredProcedure.sql = UDB\StoredProc\Insight.TestTicketCreate.StoredProcedure.sql
		UDB\StoredProc\Insight.TestTicketCreate_ContinuousMultiModule.StoredProcedure.sql = UDB\StoredProc\Insight.TestTicketCreate_ContinuousMultiModule.StoredProcedure.sql
		UDB\StoredProc\Insight.TestTicketCreate_MultiModuleTests.StoredProcedure.sql = UDB\StoredProc\Insight.TestTicketCreate_MultiModuleTests.StoredProcedure.sql
		UDB\StoredProc\Insight.TestTicketCreate_SubTestLevel.StoredProcedure.sql = UDB\StoredProc\Insight.TestTicketCreate_SubTestLevel.StoredProcedure.sql
		UDB\StoredProc\Insight.TestTicketPurge.StoredProcedure.sql = UDB\StoredProc\Insight.TestTicketPurge.StoredProcedure.sql
		UDB\StoredProc\Insight.TestTicketRegenerate.StoredProcedure.sql = UDB\StoredProc\Insight.TestTicketRegenerate.StoredProcedure.sql
		UDB\StoredProc\Insight.TestTicketRegenerateOnAccommodationChange.StoredProcedure.sql = UDB\StoredProc\Insight.TestTicketRegenerateOnAccommodationChange.StoredProcedure.sql
		UDB\StoredProc\Insight.TestTicketRegenerateRespiraledTickets.StoredProcedure.sql = UDB\StoredProc\Insight.TestTicketRegenerateRespiraledTickets.StoredProcedure.sql
		UDB\StoredProc\Insight.TestTicketReportAssignTier.StoredProcedure.sql = UDB\StoredProc\Insight.TestTicketReportAssignTier.StoredProcedure.sql
		UDB\StoredProc\Insight.TestTicketRespiral.StoredProcedure.sql = UDB\StoredProc\Insight.TestTicketRespiral.StoredProcedure.sql
		UDB\StoredProc\Insight.TierAssignmentOverride.StoredProcedure.sql = UDB\StoredProc\Insight.TierAssignmentOverride.StoredProcedure.sql
		UDB\StoredProc\Insight.UnlockTestTicket.StoredProcedure.sql = UDB\StoredProc\Insight.UnlockTestTicket.StoredProcedure.sql
		UDB\StoredProc\Insight.UpdateReportingCode.StoredProcedure.sql = UDB\StoredProc\Insight.UpdateReportingCode.StoredProcedure.sql
		UDB\StoredProc\Insight.UpdateTestSession.StoredProcedure.sql = UDB\StoredProc\Insight.UpdateTestSession.StoredProcedure.sql
		UDB\StoredProc\Insight.UpdateTestTicketCompletedTime.StoredProcedure.sql = UDB\StoredProc\Insight.UpdateTestTicketCompletedTime.StoredProcedure.sql
		UDB\StoredProc\Insight.UpdateTicketStatus.StoredProcedure.sql = UDB\StoredProc\Insight.UpdateTicketStatus.StoredProcedure.sql
		UDB\StoredProc\Insight.ValidateTicketForm.StoredProcedure.sql = UDB\StoredProc\Insight.ValidateTicketForm.StoredProcedure.sql
		UDB\StoredProc\Insight.ValidateVersions.StoredProcedure.sql = UDB\StoredProc\Insight.ValidateVersions.StoredProcedure.sql
		UDB\StoredProc\Scoring.BuildTestFormScoreSet.StoredProcedure.sql = UDB\StoredProc\Scoring.BuildTestFormScoreSet.StoredProcedure.sql
		UDB\StoredProc\Scoring.CanDeleteScoringData.StoredProcedure.sql = UDB\StoredProc\Scoring.CanDeleteScoringData.StoredProcedure.sql
		UDB\StoredProc\Scoring.CanDeleteTestForm.StoredProcedure.sql = UDB\StoredProc\Scoring.CanDeleteTestForm.StoredProcedure.sql
		UDB\StoredProc\Scoring.DeleteItemDetailExtensions.StoredProcedure.sql = UDB\StoredProc\Scoring.DeleteItemDetailExtensions.StoredProcedure.sql
		UDB\StoredProc\Scoring.DeleteItemExtensions.StoredProcedure.sql = UDB\StoredProc\Scoring.DeleteItemExtensions.StoredProcedure.sql
		UDB\StoredProc\Scoring.DeleteScoringData.StoredProcedure.sql = UDB\StoredProc\Scoring.DeleteScoringData.StoredProcedure.sql
		UDB\StoredProc\Scoring.DeleteTestForm.StoredProcedure.sql = UDB\StoredProc\Scoring.DeleteTestForm.StoredProcedure.sql
		UDB\StoredProc\Scoring.DeleteTestFormExtensions.StoredProcedure.sql = UDB\StoredProc\Scoring.DeleteTestFormExtensions.StoredProcedure.sql
		UDB\StoredProc\Scoring.DeleteTestFormItems.StoredProcedure.sql = UDB\StoredProc\Scoring.DeleteTestFormItems.StoredProcedure.sql
		UDB\StoredProc\Scoring.PurgeItemExtensions.StoredProcedure.sql = UDB\StoredProc\Scoring.PurgeItemExtensions.StoredProcedure.sql
		UDB\StoredProc\Scoring.SaveItem.StoredProcedure.sql = UDB\StoredProc\Scoring.SaveItem.StoredProcedure.sql
		UDB\StoredProc\Scoring.SaveItemDetail.StoredProcedure.sql = UDB\StoredProc\Scoring.SaveItemDetail.StoredProcedure.sql
		UDB\StoredProc\Scoring.SaveItemDetailExtension.StoredProcedure.sql = UDB\StoredProc\Scoring.SaveItemDetailExtension.StoredProcedure.sql
		UDB\StoredProc\Scoring.SaveItemExtension.StoredProcedure.sql = UDB\StoredProc\Scoring.SaveItemExtension.StoredProcedure.sql
		UDB\StoredProc\Scoring.SaveItemScoringRules.StoredProcedure.sql = UDB\StoredProc\Scoring.SaveItemScoringRules.StoredProcedure.sql
		UDB\StoredProc\Scoring.SaveTestForm.StoredProcedure.sql = UDB\StoredProc\Scoring.SaveTestForm.StoredProcedure.sql
		UDB\StoredProc\Scoring.SaveTestFormExtension.StoredProcedure.sql = UDB\StoredProc\Scoring.SaveTestFormExtension.StoredProcedure.sql
		UDB\StoredProc\Scoring.SaveTestFormItem.StoredProcedure.sql = UDB\StoredProc\Scoring.SaveTestFormItem.StoredProcedure.sql
	EndProjectSection
EndProject
Project("{2150E333-8FDC-42A3-9474-1A3956D46DE8}") = "Table", "Table", "{6E6EC38D-A1A2-4519-B47E-73CC1CD43BC8}"
	ProjectSection(SolutionItems) = preProject
		UDB\Table\Admin.AssessmentSchedule.Table.sql = UDB\Table\Admin.AssessmentSchedule.Table.sql
		UDB\Table\Admin.AssessmentSpirals.Table.sql = UDB\Table\Admin.AssessmentSpirals.Table.sql
		UDB\Table\Admin.TestWindow.Table.sql = UDB\Table\Admin.TestWindow.Table.sql
		UDB\Table\Audit.ActionLog.Table.sql = UDB\Table\Audit.ActionLog.Table.sql
		UDB\Table\Audit.ObjectAuditLog.Table.sql = UDB\Table\Audit.ObjectAuditLog.Table.sql
		UDB\Table\Audit.ProcessTrackingVersion.Table.sql = UDB\Table\Audit.ProcessTrackingVersion.Table.sql
		UDB\Table\Audit.SchemaChangeLog.Table.sql = UDB\Table\Audit.SchemaChangeLog.Table.sql
		UDB\Table\Audit.StagingErrorLog.Table.sql = UDB\Table\Audit.StagingErrorLog.Table.sql
		UDB\Table\Audit.StagingLog.Table.sql = UDB\Table\Audit.StagingLog.Table.sql
		UDB\Table\Audit.StagingServiceLog.Table.sql = UDB\Table\Audit.StagingServiceLog.Table.sql
		UDB\Table\Audit.SyncTracking.Table.sql = UDB\Table\Audit.SyncTracking.Table.sql
		UDB\Table\Config.Actions.Table.sql = UDB\Table\Config.Actions.Table.sql
		UDB\Table\Config.Environments.Table.sql = UDB\Table\Config.Environments.Table.sql
		UDB\Table\Config.EnvironmentVariables.Table.sql = UDB\Table\Config.EnvironmentVariables.Table.sql
		UDB\Table\Config.Extensions.Table.sql = UDB\Table\Config.Extensions.Table.sql
		UDB\Table\Config.GenericPassword.Table.sql = UDB\Table\Config.GenericPassword.Table.sql
		UDB\Table\Config.Info.Table.sql = UDB\Table\Config.Info.Table.sql
		UDB\Table\Config.Migrations.Table.sql = UDB\Table\Config.Migrations.Table.sql
		UDB\Table\Config.Processes.Table.sql = UDB\Table\Config.Processes.Table.sql
		UDB\Table\Config.ProcessSteps.Table.sql = UDB\Table\Config.ProcessSteps.Table.sql
		UDB\Table\Config.Schedule.Table.sql = UDB\Table\Config.Schedule.Table.sql
		UDB\Table\Config.Services.Table.sql = UDB\Table\Config.Services.Table.sql
		UDB\Table\Config.SetupTemplates.Table.sql = UDB\Table\Config.SetupTemplates.Table.sql
		UDB\Table\Config.TestScoreTemplates.Table.sql = UDB\Table\Config.TestScoreTemplates.Table.sql
		UDB\Table\Config.TransactionalSources.Table.sql = UDB\Table\Config.TransactionalSources.Table.sql
		UDB\Table\Config.XmlOptions.Table.sql = UDB\Table\Config.XmlOptions.Table.sql
		UDB\Table\Core.Administration.Table.sql = UDB\Table\Core.Administration.Table.sql
		UDB\Table\Core.Document.Table.sql = UDB\Table\Core.Document.Table.sql
		UDB\Table\Core.Site.Table.sql = UDB\Table\Core.Site.Table.sql
		UDB\Table\Core.Student.Table.sql = UDB\Table\Core.Student.Table.sql
		UDB\Table\Core.StudentGroup.Table.sql = UDB\Table\Core.StudentGroup.Table.sql
		UDB\Table\Core.Teacher.Table.sql = UDB\Table\Core.Teacher.Table.sql
		UDB\Table\Core.TestEvent.Table.sql = UDB\Table\Core.TestEvent.Table.sql
		UDB\Table\Core.TestSession.Table.sql = UDB\Table\Core.TestSession.Table.sql
		UDB\Table\Document.ActionLog.Table.sql = UDB\Table\Document.ActionLog.Table.sql
		UDB\Table\Document.Extensions.Table.sql = UDB\Table\Document.Extensions.Table.sql
		UDB\Table\Document.Images.Table.sql = UDB\Table\Document.Images.Table.sql
		UDB\Table\Document.TelemetryFrameEvents.Table.sql = UDB\Table\Document.TelemetryFrameEvents.Table.sql
		UDB\Table\Document.TelemetryFrames.Table.sql = UDB\Table\Document.TelemetryFrames.Table.sql
		UDB\Table\Document.TelemetrySequences.Table.sql = UDB\Table\Document.TelemetrySequences.Table.sql
		UDB\Table\Document.TestTicket.Table.sql = UDB\Table\Document.TestTicket.Table.sql
		UDB\Table\Document.TestTicketStatus.Table.sql = UDB\Table\Document.TestTicketStatus.Table.sql
		UDB\Table\Document.TierOverrideLog.Table.sql = UDB\Table\Document.TierOverrideLog.Table.sql
		UDB\Table\eWeb.Applet.Table.sql = UDB\Table\eWeb.Applet.Table.sql
		UDB\Table\eWeb.AssessmentSchedule.Table.sql = UDB\Table\eWeb.AssessmentSchedule.Table.sql
		UDB\Table\eWeb.ConfigExtensionNames.Table.sql = UDB\Table\eWeb.ConfigExtensionNames.Table.sql
		UDB\Table\eWeb.ConfigExtensionRenderOptions.Table.sql = UDB\Table\eWeb.ConfigExtensionRenderOptions.Table.sql
		UDB\Table\eWeb.ConfigExtensionValues.Table.sql = UDB\Table\eWeb.ConfigExtensionValues.Table.sql
		UDB\Table\eWeb.Curriculum.Table.sql = UDB\Table\eWeb.Curriculum.Table.sql
		UDB\Table\eWeb.CurriculumContentArea.Table.sql = UDB\Table\eWeb.CurriculumContentArea.Table.sql
		UDB\Table\eWeb.CurriculumEligibleContent.Table.sql = UDB\Table\eWeb.CurriculumEligibleContent.Table.sql
		UDB\Table\eWeb.CurriculumFeedback.Table.sql = UDB\Table\eWeb.CurriculumFeedback.Table.sql
		UDB\Table\eWeb.CurriculumFeedbackQuestion.Table.sql = UDB\Table\eWeb.CurriculumFeedbackQuestion.Table.sql
		UDB\Table\eWeb.CurriculumFeedbackQuestionType.Table.sql = UDB\Table\eWeb.CurriculumFeedbackQuestionType.Table.sql
		UDB\Table\eWeb.CurriculumGradeCourse.Table.sql = UDB\Table\eWeb.CurriculumGradeCourse.Table.sql
		UDB\Table\eWeb.CurriculumKeyword.Table.sql = UDB\Table\eWeb.CurriculumKeyword.Table.sql
		UDB\Table\eWeb.CurriculumResource.Table.sql = UDB\Table\eWeb.CurriculumResource.Table.sql
		UDB\Table\eWeb.DailyExcessiveLoginsTable.Table.sql = UDB\Table\eWeb.DailyExcessiveLoginsTable.Table.sql
		UDB\Table\eWeb.DRC_SchemaVersion.Table.sql = UDB\Table\eWeb.DRC_SchemaVersion.Table.sql
		UDB\Table\eWeb.EnrollmentDimension.Table.sql = UDB\Table\eWeb.EnrollmentDimension.Table.sql
		UDB\Table\eWeb.EnrollmentDimensionOption.Table.sql = UDB\Table\eWeb.EnrollmentDimensionOption.Table.sql
		UDB\Table\eWeb.EnrollmentItem.Table.sql = UDB\Table\eWeb.EnrollmentItem.Table.sql
		UDB\Table\eWeb.EnrollmentItemDimensionOption.Table.sql = UDB\Table\eWeb.EnrollmentItemDimensionOption.Table.sql
		UDB\Table\eWeb.EnrollmentOrder.Table.sql = UDB\Table\eWeb.EnrollmentOrder.Table.sql
		UDB\Table\eWeb.EnrollmentOrderCompletes.Table.sql = UDB\Table\eWeb.EnrollmentOrderCompletes.Table.sql
		UDB\Table\eWeb.EnrollmentOrderItem.Table.sql = UDB\Table\eWeb.EnrollmentOrderItem.Table.sql
		UDB\Table\eWeb.EnrollmentOrderQuestionAnswer.Table.sql = UDB\Table\eWeb.EnrollmentOrderQuestionAnswer.Table.sql
		UDB\Table\eWeb.EnrollmentQuestion.Table.sql = UDB\Table\eWeb.EnrollmentQuestion.Table.sql
		UDB\Table\eWeb.EnrollmentStatus.Table.sql = UDB\Table\eWeb.EnrollmentStatus.Table.sql
		UDB\Table\eWeb.MailingMapping.Table.sql = UDB\Table\eWeb.MailingMapping.Table.sql
		UDB\Table\eWeb.MasterConfigExtensions.Table.sql = UDB\Table\eWeb.MasterConfigExtensions.Table.sql
		UDB\Table\eWeb.SessionLog.Table.sql = UDB\Table\eWeb.SessionLog.Table.sql
		UDB\Table\eWeb.SiteExtensions.Table.sql = UDB\Table\eWeb.SiteExtensions.Table.sql
		UDB\Table\eWeb.SiteSchedule.Table.sql = UDB\Table\eWeb.SiteSchedule.Table.sql
		UDB\Table\eWeb.StrongMailMailing.Table.sql = UDB\Table\eWeb.StrongMailMailing.Table.sql
		UDB\Table\eWeb.StudentGroup.Table.sql = UDB\Table\eWeb.StudentGroup.Table.sql
		UDB\Table\eWeb.StudentGroup_Student.Table.sql = UDB\Table\eWeb.StudentGroup_Student.Table.sql
		UDB\Table\eWeb.StudentList.Table.sql = UDB\Table\eWeb.StudentList.Table.sql
		UDB\Table\eWeb.StudentTransferRequest.Table.sql = UDB\Table\eWeb.StudentTransferRequest.Table.sql
		UDB\Table\eWeb.SubjectTimeWindow.Table.sql = UDB\Table\eWeb.SubjectTimeWindow.Table.sql
		UDB\Table\eWeb.Sweet.Table.sql = UDB\Table\eWeb.Sweet.Table.sql
		UDB\Table\eWeb.Teacher.Table.sql = UDB\Table\eWeb.Teacher.Table.sql
		UDB\Table\eWeb.TeacherStudentList.Table.sql = UDB\Table\eWeb.TeacherStudentList.Table.sql
		UDB\Table\eWeb.TestingSchedule.Table.sql = UDB\Table\eWeb.TestingSchedule.Table.sql
		UDB\Table\eWeb.TestingStatusBySchoolTable.Table.sql = UDB\Table\eWeb.TestingStatusBySchoolTable.Table.sql
		UDB\Table\eWeb.TestSessionSchedule.Table.sql = UDB\Table\eWeb.TestSessionSchedule.Table.sql
		UDB\Table\eWeb.TimeWindow.Table.sql = UDB\Table\eWeb.TimeWindow.Table.sql
		UDB\Table\Insight.InsightLog.Table.sql = UDB\Table\Insight.InsightLog.Table.sql
		UDB\Table\Insight.LCS_Simulation.Table.sql = UDB\Table\Insight.LCS_Simulation.Table.sql
		UDB\Table\Insight.LCS_SimulationDetail.Table.sql = UDB\Table\Insight.LCS_SimulationDetail.Table.sql
		UDB\Table\Insight.OnlineTestAttachments.Table.sql = UDB\Table\Insight.OnlineTestAttachments.Table.sql
		UDB\Table\Insight.OnlineTestComputerDetails.Table.sql = UDB\Table\Insight.OnlineTestComputerDetails.Table.sql
		UDB\Table\Insight.OnlineTestItemScores.Table.sql = UDB\Table\Insight.OnlineTestItemScores.Table.sql
		UDB\Table\Insight.OnlineTestResponses.Table.sql = UDB\Table\Insight.OnlineTestResponses.Table.sql
		UDB\Table\Insight.OnlineTests.Table.sql = UDB\Table\Insight.OnlineTests.Table.sql
		UDB\Table\Insight.OnlineTestTelemetry.Table.sql = UDB\Table\Insight.OnlineTestTelemetry.Table.sql
		UDB\Table\Insight.OnlineTestTestScores.Table.sql = UDB\Table\Insight.OnlineTestTestScores.Table.sql
		UDB\Table\Insight.PrintOnDemandRequest.Table.sql = UDB\Table\Insight.PrintOnDemandRequest.Table.sql
		UDB\Table\Insight.PrintOnDemandView.Table.sql = UDB\Table\Insight.PrintOnDemandView.Table.sql
		UDB\Table\Insight.RCD_AuditDetail.Table.sql = UDB\Table\Insight.RCD_AuditDetail.Table.sql
		UDB\Table\Insight.RCD_AuditSummary.Table.sql = UDB\Table\Insight.RCD_AuditSummary.Table.sql
		UDB\Table\Insight.ScanDocuments.Table.sql = UDB\Table\Insight.ScanDocuments.Table.sql
		UDB\Table\Insight.UnprocessedOnlineTestResponses.Table.sql = UDB\Table\Insight.UnprocessedOnlineTestResponses.Table.sql
		UDB\Table\Insight.UnprocessedOnlineTests.Table.sql = UDB\Table\Insight.UnprocessedOnlineTests.Table.sql
		UDB\Table\Insight.UnprocessedOnlineTestTelemetry.Table.sql = UDB\Table\Insight.UnprocessedOnlineTestTelemetry.Table.sql
		UDB\Table\Scoring.Accommodations.Table.sql = UDB\Table\Scoring.Accommodations.Table.sql
		UDB\Table\Scoring.CATScaleScoreAdjustments.Table.sql = UDB\Table\Scoring.CATScaleScoreAdjustments.Table.sql
		UDB\Table\Scoring.ContentAreas.Table.sql = UDB\Table\Scoring.ContentAreas.Table.sql
		UDB\Table\Scoring.ItemAccommodations.Table.sql = UDB\Table\Scoring.ItemAccommodations.Table.sql
		UDB\Table\Scoring.ItemDetailExtensions.Table.sql = UDB\Table\Scoring.ItemDetailExtensions.Table.sql
		UDB\Table\Scoring.ItemDetailPsychometrics.Table.sql = UDB\Table\Scoring.ItemDetailPsychometrics.Table.sql
		UDB\Table\Scoring.ItemDetails.Table.sql = UDB\Table\Scoring.ItemDetails.Table.sql
		UDB\Table\Scoring.ItemDetailUsage.Table.sql = UDB\Table\Scoring.ItemDetailUsage.Table.sql
		UDB\Table\Scoring.ItemExtensions.Table.sql = UDB\Table\Scoring.ItemExtensions.Table.sql
		UDB\Table\Scoring.ItemResponseChangeOrder.Table.sql = UDB\Table\Scoring.ItemResponseChangeOrder.Table.sql
		UDB\Table\Scoring.ItemResponseDetails.Table.sql = UDB\Table\Scoring.ItemResponseDetails.Table.sql
		UDB\Table\Scoring.Items.Table.sql = UDB\Table\Scoring.Items.Table.sql
		UDB\Table\Scoring.ItemScoringRules.Table.sql = UDB\Table\Scoring.ItemScoringRules.Table.sql
		UDB\Table\Scoring.ItemScoringRulesChangeLog.Table.sql = UDB\Table\Scoring.ItemScoringRulesChangeLog.Table.sql
		UDB\Table\Scoring.ItemUsage.Table.sql = UDB\Table\Scoring.ItemUsage.Table.sql
		UDB\Table\Scoring.ItemVersions.Table.sql = UDB\Table\Scoring.ItemVersions.Table.sql
		UDB\Table\Scoring.MultiModuleTicketParts.Table.sql = UDB\Table\Scoring.MultiModuleTicketParts.Table.sql
		UDB\Table\Scoring.Standards.Table.sql = UDB\Table\Scoring.Standards.Table.sql
		UDB\Table\Scoring.TestAccommodationForms.Table.sql = UDB\Table\Scoring.TestAccommodationForms.Table.sql
		UDB\Table\Scoring.TestFormExtensions.Table.sql = UDB\Table\Scoring.TestFormExtensions.Table.sql
		UDB\Table\Scoring.TestFormGradeExtensions.Table.sql = UDB\Table\Scoring.TestFormGradeExtensions.Table.sql
		UDB\Table\Scoring.TestFormItemResponses.Table.sql = UDB\Table\Scoring.TestFormItemResponses.Table.sql
		UDB\Table\Scoring.TestFormItems.Table.sql = UDB\Table\Scoring.TestFormItems.Table.sql
		UDB\Table\Scoring.TestFormItemStatistics.Table.sql = UDB\Table\Scoring.TestFormItemStatistics.Table.sql
		UDB\Table\Scoring.TestFormItemUsage.Table.sql = UDB\Table\Scoring.TestFormItemUsage.Table.sql
		UDB\Table\Scoring.TestFormItemVersions.Table.sql = UDB\Table\Scoring.TestFormItemVersions.Table.sql
		UDB\Table\Scoring.TestFormLog.Table.sql = UDB\Table\Scoring.TestFormLog.Table.sql
		UDB\Table\Scoring.TestFormParts.Table.sql = UDB\Table\Scoring.TestFormParts.Table.sql
		UDB\Table\Scoring.TestFormProtectionLevel.Table.sql = UDB\Table\Scoring.TestFormProtectionLevel.Table.sql
		UDB\Table\Scoring.TestForms.Table.sql = UDB\Table\Scoring.TestForms.Table.sql
		UDB\Table\Scoring.TestFormScoreItems.Table.sql = UDB\Table\Scoring.TestFormScoreItems.Table.sql
		UDB\Table\Scoring.TestFormScoreOptions.Table.sql = UDB\Table\Scoring.TestFormScoreOptions.Table.sql
		UDB\Table\Scoring.TestFormScorePerformanceLevels.Table.sql = UDB\Table\Scoring.TestFormScorePerformanceLevels.Table.sql
		UDB\Table\Scoring.TestFormScorePSLookup.Table.sql = UDB\Table\Scoring.TestFormScorePSLookup.Table.sql
		UDB\Table\Scoring.TestFormScorePsychometrics.Table.sql = UDB\Table\Scoring.TestFormScorePsychometrics.Table.sql
		UDB\Table\Scoring.TestFormScores.Table.sql = UDB\Table\Scoring.TestFormScores.Table.sql
		UDB\Table\Scoring.TestFormVersions.Table.sql = UDB\Table\Scoring.TestFormVersions.Table.sql
		UDB\Table\Scoring.TestFormWeightedSpiraling.Table.sql = UDB\Table\Scoring.TestFormWeightedSpiraling.Table.sql
		UDB\Table\Scoring.TestLevelGrades.Table.sql = UDB\Table\Scoring.TestLevelGrades.Table.sql
		UDB\Table\Scoring.TestLevels.Table.sql = UDB\Table\Scoring.TestLevels.Table.sql
		UDB\Table\Scoring.TestMapExtensions.Table.sql = UDB\Table\Scoring.TestMapExtensions.Table.sql
		UDB\Table\Scoring.TestMapRanges.Table.sql = UDB\Table\Scoring.TestMapRanges.Table.sql
		UDB\Table\Scoring.TestMaps.Table.sql = UDB\Table\Scoring.TestMaps.Table.sql
		UDB\Table\Scoring.TestMapScores.Table.sql = UDB\Table\Scoring.TestMapScores.Table.sql
		UDB\Table\Scoring.Tests.Table.sql = UDB\Table\Scoring.Tests.Table.sql
		UDB\Table\Scoring.TestScoreExtensions.Table.sql = UDB\Table\Scoring.TestScoreExtensions.Table.sql
		UDB\Table\Scoring.TestScores.Table.sql = UDB\Table\Scoring.TestScores.Table.sql
		UDB\Table\Scoring.TestSessionSubTestLevels.Table.sql = UDB\Table\Scoring.TestSessionSubTestLevels.Table.sql
		UDB\Table\Scoring.TestSessionTicketParts.Table.sql = UDB\Table\Scoring.TestSessionTicketParts.Table.sql
		UDB\Table\Site.Address.Table.sql = UDB\Table\Site.Address.Table.sql
		UDB\Table\Site.Attributes.Table.sql = UDB\Table\Site.Attributes.Table.sql
		UDB\Table\Site.Extensions.Table.sql = UDB\Table\Site.Extensions.Table.sql
		UDB\Table\Site.TestWindows.Table.sql = UDB\Table\Site.TestWindows.Table.sql
		UDB\Table\Student.Attributions.Table.sql = UDB\Table\Student.Attributions.Table.sql
		UDB\Table\Student.CorrectionReasons.Table.sql = UDB\Table\Student.CorrectionReasons.Table.sql
		UDB\Table\Student.CorrectionStatus.Table.sql = UDB\Table\Student.CorrectionStatus.Table.sql
		UDB\Table\Student.Courses.Table.sql = UDB\Table\Student.Courses.Table.sql
		UDB\Table\Student.Extensions.Table.sql = UDB\Table\Student.Extensions.Table.sql
		UDB\Table\Student.History.Table.sql = UDB\Table\Student.History.Table.sql
		UDB\Table\Student.InsightUsername.Table.sql = UDB\Table\Student.InsightUsername.Table.sql
		UDB\Table\Student.LinkedStudents.Table.sql = UDB\Table\Student.LinkedStudents.Table.sql
		UDB\Table\Student.LinkedStudentsLog.Table.sql = UDB\Table\Student.LinkedStudentsLog.Table.sql
		UDB\Table\Student.ReassignedDocuments.Table.sql = UDB\Table\Student.ReassignedDocuments.Table.sql
		UDB\Table\Student.TestEventGroups.Table.sql = UDB\Table\Student.TestEventGroups.Table.sql
		UDB\Table\StudentGroup.Extensions.Table.sql = UDB\Table\StudentGroup.Extensions.Table.sql
		UDB\Table\StudentGroup.Links.Table.sql = UDB\Table\StudentGroup.Links.Table.sql
		UDB\Table\Teacher.SiteExtensions.Table.sql = UDB\Table\Teacher.SiteExtensions.Table.sql
		UDB\Table\Teacher.Sites.Table.sql = UDB\Table\Teacher.Sites.Table.sql
		UDB\Table\Teacher.StudentGroups.Table.sql = UDB\Table\Teacher.StudentGroups.Table.sql
		UDB\Table\TestEvent.Extensions.Table.sql = UDB\Table\TestEvent.Extensions.Table.sql
		UDB\Table\TestEvent.ItemReaderScores.Table.sql = UDB\Table\TestEvent.ItemReaderScores.Table.sql
		UDB\Table\TestEvent.ItemResponseExtensions.Table.sql = UDB\Table\TestEvent.ItemResponseExtensions.Table.sql
		UDB\Table\TestEvent.ItemScoreAccommodations.Table.sql = UDB\Table\TestEvent.ItemScoreAccommodations.Table.sql
		UDB\Table\TestEvent.ItemScores.Table.sql = UDB\Table\TestEvent.ItemScores.Table.sql
		UDB\Table\TestEvent.TestScoreExtensions.Table.sql = UDB\Table\TestEvent.TestScoreExtensions.Table.sql
		UDB\Table\TestEvent.TestScoreGroups.Table.sql = UDB\Table\TestEvent.TestScoreGroups.Table.sql
		UDB\Table\TestEvent.TestScores.Table.sql = UDB\Table\TestEvent.TestScores.Table.sql
		UDB\Table\TestEvent.TestScoreStrings.Table.sql = UDB\Table\TestEvent.TestScoreStrings.Table.sql
		UDB\Table\TestEvent.TestStatus.Table.sql = UDB\Table\TestEvent.TestStatus.Table.sql
		UDB\Table\TestSession.History.Table.sql = UDB\Table\TestSession.History.Table.sql
		UDB\Table\TestSession.Links.Table.sql = UDB\Table\TestSession.Links.Table.sql
		UDB\Table\TestSession.SubTestLevels.Table.sql = UDB\Table\TestSession.SubTestLevels.Table.sql
		UDB\Table\XRef.CedsMap.Table.sql = UDB\Table\XRef.CedsMap.Table.sql
		UDB\Table\XRef.Grades.Table.sql = UDB\Table\XRef.Grades.Table.sql
		UDB\Table\XRef.StudentExtensionNames.Table.sql = UDB\Table\XRef.StudentExtensionNames.Table.sql
		UDB\Table\XRef.StudentExtensionValues.Table.sql = UDB\Table\XRef.StudentExtensionValues.Table.sql
		UDB\Table\XRef.SubjectMaps.Table.sql = UDB\Table\XRef.SubjectMaps.Table.sql
	EndProjectSection
EndProject
Project("{2150E333-8FDC-42A3-9474-1A3956D46DE8}") = "View", "View", "{C0188F4D-0E84-407A-B0E5-C182994F3CE2}"
	ProjectSection(SolutionItems) = preProject
		UDB\View\Config.ConnectionInfo.View.sql = UDB\View\Config.ConnectionInfo.View.sql
		UDB\View\Document.TestTicketView.View.sql = UDB\View\Document.TestTicketView.View.sql
		UDB\View\Document.TestTicketViewEx.View.sql = UDB\View\Document.TestTicketViewEx.View.sql
		UDB\View\eWeb.Grades.View.sql = UDB\View\eWeb.Grades.View.sql
		UDB\View\eWeb.GradesByDistrict.View.sql = UDB\View\eWeb.GradesByDistrict.View.sql
		UDB\View\eWeb.GradesBySchool.View.sql = UDB\View\eWeb.GradesBySchool.View.sql
		UDB\View\eWeb.StudentDetail.View.sql = UDB\View\eWeb.StudentDetail.View.sql
		UDB\View\eWeb.StudentLookup_Basic.View.sql = UDB\View\eWeb.StudentLookup_Basic.View.sql
		UDB\View\Q.TestEvent_ItemCounts.View.sql = UDB\View\Q.TestEvent_ItemCounts.View.sql
		UDB\View\Scoring.ScoringDetailMatrix.View.sql = UDB\View\Scoring.ScoringDetailMatrix.View.sql
		UDB\View\Scoring.ScoringMatrix.View.sql = UDB\View\Scoring.ScoringMatrix.View.sql
	EndProjectSection
EndProject
Project("{2150E333-8FDC-42A3-9474-1A3956D46DE8}") = "Security", "Security", "{183EC31D-D995-4F40-BB81-82CC0E1A8CBD}"
EndProject
Project("{2150E333-8FDC-42A3-9474-1A3956D46DE8}") = "StoredProc", "StoredProc", "{5B25E63E-B77F-4667-B4E5-0B94EED0B253}"
	ProjectSection(SolutionItems) = preProject
		Security\StoredProc\dbo.aspnet_AnyDataInTables.StoredProcedure.sql = Security\StoredProc\dbo.aspnet_AnyDataInTables.StoredProcedure.sql
		Security\StoredProc\dbo.aspnet_Applications_CreateApplication.StoredProcedure.sql = Security\StoredProc\dbo.aspnet_Applications_CreateApplication.StoredProcedure.sql
		Security\StoredProc\dbo.aspnet_CheckSchemaVersion.StoredProcedure.sql = Security\StoredProc\dbo.aspnet_CheckSchemaVersion.StoredProcedure.sql
		Security\StoredProc\dbo.aspnet_Membership_ChangePasswordQuestionAndAnswer.StoredProcedure.sql = Security\StoredProc\dbo.aspnet_Membership_ChangePasswordQuestionAndAnswer.StoredProcedure.sql
		Security\StoredProc\dbo.aspnet_Membership_CreateUser.StoredProcedure.sql = Security\StoredProc\dbo.aspnet_Membership_CreateUser.StoredProcedure.sql
		Security\StoredProc\dbo.aspnet_Membership_FindUsersByEmail.StoredProcedure.sql = Security\StoredProc\dbo.aspnet_Membership_FindUsersByEmail.StoredProcedure.sql
		Security\StoredProc\dbo.aspnet_Membership_FindUsersByName.StoredProcedure.sql = Security\StoredProc\dbo.aspnet_Membership_FindUsersByName.StoredProcedure.sql
		Security\StoredProc\dbo.aspnet_Membership_GetAllUsers.StoredProcedure.sql = Security\StoredProc\dbo.aspnet_Membership_GetAllUsers.StoredProcedure.sql
		Security\StoredProc\dbo.aspnet_Membership_GetNumberOfUsersOnline.StoredProcedure.sql = Security\StoredProc\dbo.aspnet_Membership_GetNumberOfUsersOnline.StoredProcedure.sql
		Security\StoredProc\dbo.aspnet_Membership_GetPassword.StoredProcedure.sql = Security\StoredProc\dbo.aspnet_Membership_GetPassword.StoredProcedure.sql
		Security\StoredProc\dbo.aspnet_Membership_GetPasswordWithFormat.StoredProcedure.sql = Security\StoredProc\dbo.aspnet_Membership_GetPasswordWithFormat.StoredProcedure.sql
		Security\StoredProc\dbo.aspnet_Membership_GetUserByEmail.StoredProcedure.sql = Security\StoredProc\dbo.aspnet_Membership_GetUserByEmail.StoredProcedure.sql
		Security\StoredProc\dbo.aspnet_Membership_GetUserByName.StoredProcedure.sql = Security\StoredProc\dbo.aspnet_Membership_GetUserByName.StoredProcedure.sql
		Security\StoredProc\dbo.aspnet_Membership_GetUserByUserId.StoredProcedure.sql = Security\StoredProc\dbo.aspnet_Membership_GetUserByUserId.StoredProcedure.sql
		Security\StoredProc\dbo.aspnet_Membership_ResetPassword.StoredProcedure.sql = Security\StoredProc\dbo.aspnet_Membership_ResetPassword.StoredProcedure.sql
		Security\StoredProc\dbo.aspnet_Membership_SetPassword.StoredProcedure.sql = Security\StoredProc\dbo.aspnet_Membership_SetPassword.StoredProcedure.sql
		Security\StoredProc\dbo.aspnet_Membership_UnlockUser.StoredProcedure.sql = Security\StoredProc\dbo.aspnet_Membership_UnlockUser.StoredProcedure.sql
		Security\StoredProc\dbo.aspnet_Membership_UpdateUser.StoredProcedure.sql = Security\StoredProc\dbo.aspnet_Membership_UpdateUser.StoredProcedure.sql
		Security\StoredProc\dbo.aspnet_Membership_UpdateUserInfo.StoredProcedure.sql = Security\StoredProc\dbo.aspnet_Membership_UpdateUserInfo.StoredProcedure.sql
		Security\StoredProc\dbo.aspnet_Paths_CreatePath.StoredProcedure.sql = Security\StoredProc\dbo.aspnet_Paths_CreatePath.StoredProcedure.sql
		Security\StoredProc\dbo.aspnet_Personalization_GetApplicationId.StoredProcedure.sql = Security\StoredProc\dbo.aspnet_Personalization_GetApplicationId.StoredProcedure.sql
		Security\StoredProc\dbo.aspnet_PersonalizationAdministration_DeleteAllState.StoredProcedure.sql = Security\StoredProc\dbo.aspnet_PersonalizationAdministration_DeleteAllState.StoredProcedure.sql
		Security\StoredProc\dbo.aspnet_PersonalizationAdministration_FindState.StoredProcedure.sql = Security\StoredProc\dbo.aspnet_PersonalizationAdministration_FindState.StoredProcedure.sql
		Security\StoredProc\dbo.aspnet_PersonalizationAdministration_GetCountOfState.StoredProcedure.sql = Security\StoredProc\dbo.aspnet_PersonalizationAdministration_GetCountOfState.StoredProcedure.sql
		Security\StoredProc\dbo.aspnet_PersonalizationAdministration_ResetSharedState.StoredProcedure.sql = Security\StoredProc\dbo.aspnet_PersonalizationAdministration_ResetSharedState.StoredProcedure.sql
		Security\StoredProc\dbo.aspnet_PersonalizationAdministration_ResetUserState.StoredProcedure.sql = Security\StoredProc\dbo.aspnet_PersonalizationAdministration_ResetUserState.StoredProcedure.sql
		Security\StoredProc\dbo.aspnet_PersonalizationAllUsers_GetPageSettings.StoredProcedure.sql = Security\StoredProc\dbo.aspnet_PersonalizationAllUsers_GetPageSettings.StoredProcedure.sql
		Security\StoredProc\dbo.aspnet_PersonalizationAllUsers_ResetPageSettings.StoredProcedure.sql = Security\StoredProc\dbo.aspnet_PersonalizationAllUsers_ResetPageSettings.StoredProcedure.sql
		Security\StoredProc\dbo.aspnet_PersonalizationAllUsers_SetPageSettings.StoredProcedure.sql = Security\StoredProc\dbo.aspnet_PersonalizationAllUsers_SetPageSettings.StoredProcedure.sql
		Security\StoredProc\dbo.aspnet_PersonalizationPerUser_GetPageSettings.StoredProcedure.sql = Security\StoredProc\dbo.aspnet_PersonalizationPerUser_GetPageSettings.StoredProcedure.sql
		Security\StoredProc\dbo.aspnet_PersonalizationPerUser_ResetPageSettings.StoredProcedure.sql = Security\StoredProc\dbo.aspnet_PersonalizationPerUser_ResetPageSettings.StoredProcedure.sql
		Security\StoredProc\dbo.aspnet_PersonalizationPerUser_SetPageSettings.StoredProcedure.sql = Security\StoredProc\dbo.aspnet_PersonalizationPerUser_SetPageSettings.StoredProcedure.sql
		Security\StoredProc\dbo.aspnet_Profile_DeleteInactiveProfiles.StoredProcedure.sql = Security\StoredProc\dbo.aspnet_Profile_DeleteInactiveProfiles.StoredProcedure.sql
		Security\StoredProc\dbo.aspnet_Profile_DeleteProfiles.StoredProcedure.sql = Security\StoredProc\dbo.aspnet_Profile_DeleteProfiles.StoredProcedure.sql
		Security\StoredProc\dbo.aspnet_Profile_GetNumberOfInactiveProfiles.StoredProcedure.sql = Security\StoredProc\dbo.aspnet_Profile_GetNumberOfInactiveProfiles.StoredProcedure.sql
		Security\StoredProc\dbo.aspnet_Profile_GetProfiles.StoredProcedure.sql = Security\StoredProc\dbo.aspnet_Profile_GetProfiles.StoredProcedure.sql
		Security\StoredProc\dbo.aspnet_Profile_GetProperties.StoredProcedure.sql = Security\StoredProc\dbo.aspnet_Profile_GetProperties.StoredProcedure.sql
		Security\StoredProc\dbo.aspnet_Profile_SetProperties.StoredProcedure.sql = Security\StoredProc\dbo.aspnet_Profile_SetProperties.StoredProcedure.sql
		Security\StoredProc\dbo.aspnet_RegisterSchemaVersion.StoredProcedure.sql = Security\StoredProc\dbo.aspnet_RegisterSchemaVersion.StoredProcedure.sql
		Security\StoredProc\dbo.aspnet_Roles_CreateRole.StoredProcedure.sql = Security\StoredProc\dbo.aspnet_Roles_CreateRole.StoredProcedure.sql
		Security\StoredProc\dbo.aspnet_Roles_DeleteRole.StoredProcedure.sql = Security\StoredProc\dbo.aspnet_Roles_DeleteRole.StoredProcedure.sql
		Security\StoredProc\dbo.aspnet_Roles_GetAllRoles.StoredProcedure.sql = Security\StoredProc\dbo.aspnet_Roles_GetAllRoles.StoredProcedure.sql
		Security\StoredProc\dbo.aspnet_Roles_RoleExists.StoredProcedure.sql = Security\StoredProc\dbo.aspnet_Roles_RoleExists.StoredProcedure.sql
		Security\StoredProc\dbo.aspnet_Setup_RemoveAllRoleMembers.StoredProcedure.sql = Security\StoredProc\dbo.aspnet_Setup_RemoveAllRoleMembers.StoredProcedure.sql
		Security\StoredProc\dbo.aspnet_Setup_RestorePermissions.StoredProcedure.sql = Security\StoredProc\dbo.aspnet_Setup_RestorePermissions.StoredProcedure.sql
		Security\StoredProc\dbo.aspnet_UnRegisterSchemaVersion.StoredProcedure.sql = Security\StoredProc\dbo.aspnet_UnRegisterSchemaVersion.StoredProcedure.sql
		Security\StoredProc\dbo.aspnet_Users_CreateUser.StoredProcedure.sql = Security\StoredProc\dbo.aspnet_Users_CreateUser.StoredProcedure.sql
		Security\StoredProc\dbo.aspnet_Users_DeleteUser.StoredProcedure.sql = Security\StoredProc\dbo.aspnet_Users_DeleteUser.StoredProcedure.sql
		Security\StoredProc\dbo.aspnet_UsersInRoles_AddUsersToRoles.StoredProcedure.sql = Security\StoredProc\dbo.aspnet_UsersInRoles_AddUsersToRoles.StoredProcedure.sql
		Security\StoredProc\dbo.aspnet_UsersInRoles_FindUsersInRole.StoredProcedure.sql = Security\StoredProc\dbo.aspnet_UsersInRoles_FindUsersInRole.StoredProcedure.sql
		Security\StoredProc\dbo.aspnet_UsersInRoles_GetRolesForUser.StoredProcedure.sql = Security\StoredProc\dbo.aspnet_UsersInRoles_GetRolesForUser.StoredProcedure.sql
		Security\StoredProc\dbo.aspnet_UsersInRoles_GetUsersInRoles.StoredProcedure.sql = Security\StoredProc\dbo.aspnet_UsersInRoles_GetUsersInRoles.StoredProcedure.sql
		Security\StoredProc\dbo.aspnet_UsersInRoles_IsUserInRole.StoredProcedure.sql = Security\StoredProc\dbo.aspnet_UsersInRoles_IsUserInRole.StoredProcedure.sql
		Security\StoredProc\dbo.aspnet_UsersInRoles_RemoveUsersFromRoles.StoredProcedure.sql = Security\StoredProc\dbo.aspnet_UsersInRoles_RemoveUsersFromRoles.StoredProcedure.sql
		Security\StoredProc\dbo.aspnet_WebEvent_LogEvent.StoredProcedure.sql = Security\StoredProc\dbo.aspnet_WebEvent_LogEvent.StoredProcedure.sql
		Security\StoredProc\dbo.DropFunc_IfExists.StoredProcedure.sql = Security\StoredProc\dbo.DropFunc_IfExists.StoredProcedure.sql
		Security\StoredProc\dbo.DropProc_IfExists.StoredProcedure.sql = Security\StoredProc\dbo.DropProc_IfExists.StoredProcedure.sql
		Security\StoredProc\dbo.DropTable_IfExists.StoredProcedure.sql = Security\StoredProc\dbo.DropTable_IfExists.StoredProcedure.sql
		Security\StoredProc\dbo.eWeb_AddAdminScreen.StoredProcedure.sql = Security\StoredProc\dbo.eWeb_AddAdminScreen.StoredProcedure.sql
		Security\StoredProc\dbo.eWeb_AddAdminScreenV2.StoredProcedure.sql = Security\StoredProc\dbo.eWeb_AddAdminScreenV2.StoredProcedure.sql
		Security\StoredProc\dbo.eWeb_AddPermSetScreen.StoredProcedure.sql = Security\StoredProc\dbo.eWeb_AddPermSetScreen.StoredProcedure.sql
		Security\StoredProc\dbo.eWeb_AddPermSetScreenV2.StoredProcedure.sql = Security\StoredProc\dbo.eWeb_AddPermSetScreenV2.StoredProcedure.sql
		Security\StoredProc\dbo.eWeb_AddPermToAllSubadminProfilesByUser.StoredProcedure.sql = Security\StoredProc\dbo.eWeb_AddPermToAllSubadminProfilesByUser.StoredProcedure.sql
		Security\StoredProc\dbo.eWeb_AddPermToAllUsersByAdminRole.StoredProcedure.sql = Security\StoredProc\dbo.eWeb_AddPermToAllUsersByAdminRole.StoredProcedure.sql
		Security\StoredProc\dbo.eWeb_AddPermToProfiles.StoredProcedure.sql = Security\StoredProc\dbo.eWeb_AddPermToProfiles.StoredProcedure.sql
		Security\StoredProc\dbo.eWeb_AddUserToRoles_AcceptedTerms_ChangedPW.StoredProcedure.sql = Security\StoredProc\dbo.eWeb_AddUserToRoles_AcceptedTerms_ChangedPW.StoredProcedure.sql
		Security\StoredProc\dbo.eWeb_Administration_InsertOrUpdate.StoredProcedure.sql = Security\StoredProc\dbo.eWeb_Administration_InsertOrUpdate.StoredProcedure.sql
		Security\StoredProc\dbo.eWeb_AdminScreen_Delete.StoredProcedure.sql = Security\StoredProc\dbo.eWeb_AdminScreen_Delete.StoredProcedure.sql
		Security\StoredProc\dbo.eWeb_BulkFindUserMismatch.StoredProcedure.sql = Security\StoredProc\dbo.eWeb_BulkFindUserMismatch.StoredProcedure.sql
		Security\StoredProc\dbo.eWeb_GetBasicUserPermsByUserId.StoredProcedure.sql = Security\StoredProc\dbo.eWeb_GetBasicUserPermsByUserId.StoredProcedure.sql
		Security\StoredProc\dbo.eWeb_GetBasicUserPermsByUserIdList.StoredProcedure.sql = Security\StoredProc\dbo.eWeb_GetBasicUserPermsByUserIdList.StoredProcedure.sql
		Security\StoredProc\dbo.eWeb_GetPermissionSetID.StoredProcedure.sql = Security\StoredProc\dbo.eWeb_GetPermissionSetID.StoredProcedure.sql
		Security\StoredProc\dbo.eWeb_GetUserIdsFromEmailCSV.StoredProcedure.sql = Security\StoredProc\dbo.eWeb_GetUserIdsFromEmailCSV.StoredProcedure.sql
		Security\StoredProc\dbo.eWeb_InactivateUserRemovePerm.StoredProcedure.sql = Security\StoredProc\dbo.eWeb_InactivateUserRemovePerm.StoredProcedure.sql
		Security\StoredProc\dbo.eWeb_LogBulkPermissionChanges.StoredProcedure.sql = Security\StoredProc\dbo.eWeb_LogBulkPermissionChanges.StoredProcedure.sql
		Security\StoredProc\dbo.eWeb_LogPermissionChanges.StoredProcedure.sql = Security\StoredProc\dbo.eWeb_LogPermissionChanges.StoredProcedure.sql
		Security\StoredProc\dbo.eWeb_MassFindUserIDByEmail.StoredProcedure.sql = Security\StoredProc\dbo.eWeb_MassFindUserIDByEmail.StoredProcedure.sql
		Security\StoredProc\dbo.eWeb_MassInvalidateUsers.StoredProcedure.sql = Security\StoredProc\dbo.eWeb_MassInvalidateUsers.StoredProcedure.sql
		Security\StoredProc\dbo.eWeb_MassReactivateUsersByUserID.StoredProcedure.sql = Security\StoredProc\dbo.eWeb_MassReactivateUsersByUserID.StoredProcedure.sql
		Security\StoredProc\dbo.eWeb_ModifyUserFromService.StoredProcedure.sql = Security\StoredProc\dbo.eWeb_ModifyUserFromService.StoredProcedure.sql
		Security\StoredProc\dbo.eWeb_PurgeAdmin.StoredProcedure.sql = Security\StoredProc\dbo.eWeb_PurgeAdmin.StoredProcedure.sql
		Security\StoredProc\dbo.eWeb_ReactivateUserInsertPerm.StoredProcedure.sql = Security\StoredProc\dbo.eWeb_ReactivateUserInsertPerm.StoredProcedure.sql
		Security\StoredProc\dbo.eWeb_RemovePermFromAllUsersByAdminRole.StoredProcedure.sql = Security\StoredProc\dbo.eWeb_RemovePermFromAllUsersByAdminRole.StoredProcedure.sql
		Security\StoredProc\dbo.eWeb_RemovePermFromPermSet.StoredProcedure.sql = Security\StoredProc\dbo.eWeb_RemovePermFromPermSet.StoredProcedure.sql
		Security\StoredProc\dbo.eWeb_RemovePermFromProfiles.StoredProcedure.sql = Security\StoredProc\dbo.eWeb_RemovePermFromProfiles.StoredProcedure.sql
		Security\StoredProc\dbo.eWeb_Screen_Delete.StoredProcedure.sql = Security\StoredProc\dbo.eWeb_Screen_Delete.StoredProcedure.sql
		Security\StoredProc\dbo.eWeb_Screen_InsertOrUpdate.StoredProcedure.sql = Security\StoredProc\dbo.eWeb_Screen_InsertOrUpdate.StoredProcedure.sql
		Security\StoredProc\dbo.eWeb_UpdateUserProfile_LinkPublicSchools_MI.StoredProcedure.sql = Security\StoredProc\dbo.eWeb_UpdateUserProfile_LinkPublicSchools_MI.StoredProcedure.sql
		Security\StoredProc\dbo.eWeb_User_ChangeEmailForReUse.StoredProcedure.sql = Security\StoredProc\dbo.eWeb_User_ChangeEmailForReUse.StoredProcedure.sql
		Security\StoredProc\dbo.eWeb_User_ChangeUserID.StoredProcedure.sql = Security\StoredProc\dbo.eWeb_User_ChangeUserID.StoredProcedure.sql
		Security\StoredProc\dbo.GetUserProfileWithStatus.StoredProcedure.sql = Security\StoredProc\dbo.GetUserProfileWithStatus.StoredProcedure.sql
		Security\StoredProc\dbo.SNSQueue_Insert.StoredProcedure.sql = Security\StoredProc\dbo.SNSQueue_Insert.StoredProcedure.sql
		Security\StoredProc\dbo.SNSQueue_SetProcessed.StoredProcedure.sql = Security\StoredProc\dbo.SNSQueue_SetProcessed.StoredProcedure.sql
		Security\StoredProc\dbo.Usp_SC_Users_Count.StoredProcedure.sql = Security\StoredProc\dbo.Usp_SC_Users_Count.StoredProcedure.sql
	EndProjectSection
EndProject
Project("{2150E333-8FDC-42A3-9474-1A3956D46DE8}") = "Table", "Table", "{BE811923-19DB-4E95-878D-EFDE7827DD04}"
	ProjectSection(SolutionItems) = preProject
		Security\Table\dbo.aspnet_Applications.Table.sql = Security\Table\dbo.aspnet_Applications.Table.sql
		Security\Table\dbo.aspnet_Membership.Table.sql = Security\Table\dbo.aspnet_Membership.Table.sql
		Security\Table\dbo.aspnet_Membership__BadRecords_ECA_CascadeUpdate.Table.sql = Security\Table\dbo.aspnet_Membership__BadRecords_ECA_CascadeUpdate.Table.sql
		Security\Table\dbo.aspnet_Paths.Table.sql = Security\Table\dbo.aspnet_Paths.Table.sql
		Security\Table\dbo.aspnet_PersonalizationAllUsers.Table.sql = Security\Table\dbo.aspnet_PersonalizationAllUsers.Table.sql
		Security\Table\dbo.aspnet_PersonalizationPerUser.Table.sql = Security\Table\dbo.aspnet_PersonalizationPerUser.Table.sql
		Security\Table\dbo.aspnet_Profile.Table.sql = Security\Table\dbo.aspnet_Profile.Table.sql
		Security\Table\dbo.aspnet_Roles.Table.sql = Security\Table\dbo.aspnet_Roles.Table.sql
		Security\Table\dbo.aspnet_SchemaVersions.Table.sql = Security\Table\dbo.aspnet_SchemaVersions.Table.sql
		Security\Table\dbo.aspnet_Users.Table.sql = Security\Table\dbo.aspnet_Users.Table.sql
		Security\Table\dbo.aspnet_UsersInRoles.Table.sql = Security\Table\dbo.aspnet_UsersInRoles.Table.sql
		Security\Table\dbo.aspnet_UsersInRoles__BadRecords_ECA_CascadeUpdate.Table.sql = Security\Table\dbo.aspnet_UsersInRoles__BadRecords_ECA_CascadeUpdate.Table.sql
		Security\Table\dbo.aspnet_WebEvent_Events.Table.sql = Security\Table\dbo.aspnet_WebEvent_Events.Table.sql
		Security\Table\dbo.DRC_SchemaVersion.Table.sql = Security\Table\dbo.DRC_SchemaVersion.Table.sql
		Security\Table\dbo.ECANav.Table.sql = Security\Table\dbo.ECANav.Table.sql
		Security\Table\dbo.ECATopNav.Table.sql = Security\Table\dbo.ECATopNav.Table.sql
		Security\Table\dbo.eWebAdministration.Table.sql = Security\Table\dbo.eWebAdministration.Table.sql
		Security\Table\dbo.eWebAdminRoleScreen.Table.sql = Security\Table\dbo.eWebAdminRoleScreen.Table.sql
		Security\Table\dbo.eWebAdminScreen.Table.sql = Security\Table\dbo.eWebAdminScreen.Table.sql
		Security\Table\dbo.eWebMapGranularPermToECA.Table.sql = Security\Table\dbo.eWebMapGranularPermToECA.Table.sql
		Security\Table\dbo.eWebMapPermToECA.Table.sql = Security\Table\dbo.eWebMapPermToECA.Table.sql
		Security\Table\dbo.eWebMassInvalidations.Table.sql = Security\Table\dbo.eWebMassInvalidations.Table.sql
		Security\Table\dbo.eWebMasterPermissions.Table.sql = Security\Table\dbo.eWebMasterPermissions.Table.sql
		Security\Table\dbo.eWebPermissionSet.Table.sql = Security\Table\dbo.eWebPermissionSet.Table.sql
		Security\Table\dbo.eWebPermissionSetScreen.Table.sql = Security\Table\dbo.eWebPermissionSetScreen.Table.sql
		Security\Table\dbo.eWebRole.Table.sql = Security\Table\dbo.eWebRole.Table.sql
		Security\Table\dbo.eWebScreen.Table.sql = Security\Table\dbo.eWebScreen.Table.sql
		Security\Table\dbo.eWebScreenAccess.Table.sql = Security\Table\dbo.eWebScreenAccess.Table.sql
		Security\Table\dbo.eWebScreenAccess_BadRecords_ECA_CascadeUpdate.Table.sql = Security\Table\dbo.eWebScreenAccess_BadRecords_ECA_CascadeUpdate.Table.sql
		Security\Table\dbo.eWebScreenAccess_ReportsViewSplitBackup.Table.sql = Security\Table\dbo.eWebScreenAccess_ReportsViewSplitBackup.Table.sql
		Security\Table\dbo.eWebScreenAccessInactive.Table.sql = Security\Table\dbo.eWebScreenAccessInactive.Table.sql
		Security\Table\dbo.eWebUserAudit.Table.sql = Security\Table\dbo.eWebUserAudit.Table.sql
		Security\Table\dbo.eWebUserDemographic.Table.sql = Security\Table\dbo.eWebUserDemographic.Table.sql
		Security\Table\dbo.eWebUserDemographic_BadRecords_ECA_CascadeUpdate.Table.sql = Security\Table\dbo.eWebUserDemographic_BadRecords_ECA_CascadeUpdate.Table.sql
		Security\Table\dbo.eWebUserGroup.Table.sql = Security\Table\dbo.eWebUserGroup.Table.sql
		Security\Table\dbo.eWebUserPermissionAudit.Table.sql = Security\Table\dbo.eWebUserPermissionAudit.Table.sql
		Security\Table\dbo.eWebUserProfile.Table.sql = Security\Table\dbo.eWebUserProfile.Table.sql
		Security\Table\dbo.eWebUserProfile_BadRecords_ECA_CascadeUpdate.Table.sql = Security\Table\dbo.eWebUserProfile_BadRecords_ECA_CascadeUpdate.Table.sql
		Security\Table\dbo.eWebUsersToSyncToECA.Table.sql = Security\Table\dbo.eWebUsersToSyncToECA.Table.sql
		Security\Table\dbo.SNSQueue.Table.sql = Security\Table\dbo.SNSQueue.Table.sql
	EndProjectSection
EndProject
Project("{2150E333-8FDC-42A3-9474-1A3956D46DE8}") = "View", "View", "{AE5D60E8-2AA8-432B-961C-3953AF04EBB6}"
	ProjectSection(SolutionItems) = preProject
		Security\View\dbo.ECATopNavSingleLinks.View.sql = Security\View\dbo.ECATopNavSingleLinks.View.sql
		Security\View\dbo.ECATopSubNav.View.sql = Security\View\dbo.ECATopSubNav.View.sql
		Security\View\dbo.vw_aspnet_Applications.View.sql = Security\View\dbo.vw_aspnet_Applications.View.sql
		Security\View\dbo.vw_aspnet_MembershipUsers.View.sql = Security\View\dbo.vw_aspnet_MembershipUsers.View.sql
		Security\View\dbo.vw_aspnet_Profiles.View.sql = Security\View\dbo.vw_aspnet_Profiles.View.sql
		Security\View\dbo.vw_aspnet_Roles.View.sql = Security\View\dbo.vw_aspnet_Roles.View.sql
		Security\View\dbo.vw_aspnet_Users.View.sql = Security\View\dbo.vw_aspnet_Users.View.sql
		Security\View\dbo.vw_aspnet_UsersInRoles.View.sql = Security\View\dbo.vw_aspnet_UsersInRoles.View.sql
		Security\View\dbo.vw_aspnet_WebPartState_Paths.View.sql = Security\View\dbo.vw_aspnet_WebPartState_Paths.View.sql
		Security\View\dbo.vw_aspnet_WebPartState_Shared.View.sql = Security\View\dbo.vw_aspnet_WebPartState_Shared.View.sql
		Security\View\dbo.vw_aspnet_WebPartState_User.View.sql = Security\View\dbo.vw_aspnet_WebPartState_User.View.sql
		Security\View\dbo.vw_GetBasicUserPerms.View.sql = Security\View\dbo.vw_GetBasicUserPerms.View.sql
		Security\View\dbo.vw_SC_UserList.View.sql = Security\View\dbo.vw_SC_UserList.View.sql
		Security\View\dbo.vw_SC_UserList_5DayReport_Count.View.sql = Security\View\dbo.vw_SC_UserList_5DayReport_Count.View.sql
		Security\View\dbo.vw_SC_UserList_AddedByUser.View.sql = Security\View\dbo.vw_SC_UserList_AddedByUser.View.sql
		Security\View\dbo.vw_SC_UserList_HasLoggedIn.View.sql = Security\View\dbo.vw_SC_UserList_HasLoggedIn.View.sql
		Security\View\dbo.vw_SC_UserList_NotLoggedIn.View.sql = Security\View\dbo.vw_SC_UserList_NotLoggedIn.View.sql
		Security\View\dbo.vw_SC_UserList_NotLoggedInDistrictAndBelow_rpt.View.sql = Security\View\dbo.vw_SC_UserList_NotLoggedInDistrictAndBelow_rpt.View.sql
		Security\View\dbo.vw_SC_UserList_Roles.View.sql = Security\View\dbo.vw_SC_UserList_Roles.View.sql
		Security\View\dbo.vw_SC_UserRoles.View.sql = Security\View\dbo.vw_SC_UserRoles.View.sql
	EndProjectSection
EndProject
Project("{2150E333-8FDC-42A3-9474-1A3956D46DE8}") = "Document", "Document", "{82B95DFD-1CDF-41DF-A076-34B2EDD3CC95}"
EndProject
Project("{2150E333-8FDC-42A3-9474-1A3956D46DE8}") = "StoredProc", "StoredProc", "{AC6B1EB8-5FEC-4244-9BF1-505C847B7B6B}"
	ProjectSection(SolutionItems) = preProject
		Document\StoredProc\dbo.eweb_ApproveBatch.StoredProcedure.sql = Document\StoredProc\dbo.eweb_ApproveBatch.StoredProcedure.sql
		Document\StoredProc\dbo.eweb_CreateBatch.StoredProcedure.sql = Document\StoredProc\dbo.eweb_CreateBatch.StoredProcedure.sql
		Document\StoredProc\dbo.eweb_CreateNewVersion.StoredProcedure.sql = Document\StoredProc\dbo.eweb_CreateNewVersion.StoredProcedure.sql
		Document\StoredProc\dbo.eweb_DeleteAllDocs.StoredProcedure.sql = Document\StoredProc\dbo.eweb_DeleteAllDocs.StoredProcedure.sql
		Document\StoredProc\dbo.eweb_DeleteDocGroup.StoredProcedure.sql = Document\StoredProc\dbo.eweb_DeleteDocGroup.StoredProcedure.sql
		Document\StoredProc\dbo.eweb_DeleteDocsByDocGroupVerID.StoredProcedure.sql = Document\StoredProc\dbo.eweb_DeleteDocsByDocGroupVerID.StoredProcedure.sql
		Document\StoredProc\dbo.eweb_DeleteDocsByVersionKey.StoredProcedure.sql = Document\StoredProc\dbo.eweb_DeleteDocsByVersionKey.StoredProcedure.sql
		Document\StoredProc\dbo.eweb_DeleteEnvironment.StoredProcedure.sql = Document\StoredProc\dbo.eweb_DeleteEnvironment.StoredProcedure.sql
		Document\StoredProc\dbo.eweb_DeleteUnpublishedDocuments.StoredProcedure.sql = Document\StoredProc\dbo.eweb_DeleteUnpublishedDocuments.StoredProcedure.sql
		Document\StoredProc\dbo.eweb_GetAllApprovedDocs.StoredProcedure.sql = Document\StoredProc\dbo.eweb_GetAllApprovedDocs.StoredProcedure.sql
		Document\StoredProc\dbo.eweb_GetAllApprovedDocsByAdmin.StoredProcedure.sql = Document\StoredProc\dbo.eweb_GetAllApprovedDocsByAdmin.StoredProcedure.sql
		Document\StoredProc\dbo.eweb_GetAllApprovedDocsWithAudience.StoredProcedure.sql = Document\StoredProc\dbo.eweb_GetAllApprovedDocsWithAudience.StoredProcedure.sql
		Document\StoredProc\dbo.eweb_GetApprovedDocByVersionKey.StoredProcedure.sql = Document\StoredProc\dbo.eweb_GetApprovedDocByVersionKey.StoredProcedure.sql
		Document\StoredProc\dbo.eweb_GetApprovedDocsByDistrictForDistrict.StoredProcedure.sql = Document\StoredProc\dbo.eweb_GetApprovedDocsByDistrictForDistrict.StoredProcedure.sql
		Document\StoredProc\dbo.eweb_GetApprovedDocsBySchool.StoredProcedure.sql = Document\StoredProc\dbo.eweb_GetApprovedDocsBySchool.StoredProcedure.sql
		Document\StoredProc\dbo.eweb_GetDocGroupId.StoredProcedure.sql = Document\StoredProc\dbo.eweb_GetDocGroupId.StoredProcedure.sql
		Document\StoredProc\dbo.eweb_GetDocPublishInfoByAdmin.StoredProcedure.sql = Document\StoredProc\dbo.eweb_GetDocPublishInfoByAdmin.StoredProcedure.sql
		Document\StoredProc\dbo.eweb_GetDocPublishInfoByAdminARP.StoredProcedure.sql = Document\StoredProc\dbo.eweb_GetDocPublishInfoByAdminARP.StoredProcedure.sql
		Document\StoredProc\dbo.eweb_GetDocSecurityAttribsByVersionKey.StoredProcedure.sql = Document\StoredProc\dbo.eweb_GetDocSecurityAttribsByVersionKey.StoredProcedure.sql
		Document\StoredProc\dbo.eweb_GetGroupDocCounts.StoredProcedure.sql = Document\StoredProc\dbo.eweb_GetGroupDocCounts.StoredProcedure.sql
		Document\StoredProc\dbo.eweb_GetGroupDocCountsByEnv.StoredProcedure.sql = Document\StoredProc\dbo.eweb_GetGroupDocCountsByEnv.StoredProcedure.sql
		Document\StoredProc\dbo.eweb_GetWIDADocGroupId.StoredProcedure.sql = Document\StoredProc\dbo.eweb_GetWIDADocGroupId.StoredProcedure.sql
		Document\StoredProc\dbo.eweb_PublishBatch.StoredProcedure.sql = Document\StoredProc\dbo.eweb_PublishBatch.StoredProcedure.sql
		Document\StoredProc\dbo.eweb_RethrowError.StoredProcedure.sql = Document\StoredProc\dbo.eweb_RethrowError.StoredProcedure.sql
		Document\StoredProc\dbo.eweb_StoreDocument.StoredProcedure.sql = Document\StoredProc\dbo.eweb_StoreDocument.StoredProcedure.sql
		Document\StoredProc\dbo.eweb_UpdateReportDefinition.StoredProcedure.sql = Document\StoredProc\dbo.eweb_UpdateReportDefinition.StoredProcedure.sql
		Document\StoredProc\dbo.eweb_UpdateReportDefinitionARP.StoredProcedure.sql = Document\StoredProc\dbo.eweb_UpdateReportDefinitionARP.StoredProcedure.sql
	EndProjectSection
EndProject
Project("{2150E333-8FDC-42A3-9474-1A3956D46DE8}") = "Table", "Table", "{D2BA718C-2AEC-4FEE-A9D7-BDE2B455C631}"
	ProjectSection(SolutionItems) = preProject
		Document\Table\dbo.Audience.Table.sql = Document\Table\dbo.Audience.Table.sql
		Document\Table\dbo.Doc.Table.sql = Document\Table\dbo.Doc.Table.sql
		Document\Table\dbo.DocBatch.Table.sql = Document\Table\dbo.DocBatch.Table.sql
		Document\Table\dbo.DocGroup.Table.sql = Document\Table\dbo.DocGroup.Table.sql
		Document\Table\dbo.DocGroupRoles.Table.sql = Document\Table\dbo.DocGroupRoles.Table.sql
		Document\Table\dbo.DocGroupVersion.Table.sql = Document\Table\dbo.DocGroupVersion.Table.sql
		Document\Table\dbo.DocGroupVersionDoc.Table.sql = Document\Table\dbo.DocGroupVersionDoc.Table.sql
		Document\Table\dbo.DocGroupVersionPublish.Table.sql = Document\Table\dbo.DocGroupVersionPublish.Table.sql
		Document\Table\dbo.DocSource.Table.sql = Document\Table\dbo.DocSource.Table.sql
		Document\Table\dbo.DocSuperType.Table.sql = Document\Table\dbo.DocSuperType.Table.sql
		Document\Table\dbo.DocType.Table.sql = Document\Table\dbo.DocType.Table.sql
		Document\Table\dbo.DRC_SchemaVersion.Table.sql = Document\Table\dbo.DRC_SchemaVersion.Table.sql
		Document\Table\dbo.FileType.Table.sql = Document\Table\dbo.FileType.Table.sql
		Document\Table\dbo.Instructions.Table.sql = Document\Table\dbo.Instructions.Table.sql
	EndProjectSection
EndProject
Global
	GlobalSection(SolutionProperties) = preSolution
		HideSolutionNode = FALSE
	EndGlobalSection
	GlobalSection(NestedProjects) = preSolution
		{266901CC-B0AC-465F-8190-5AEEB8AFB53B} = {EFBB7435-801A-475D-95B3-41AD8B95D030}
		{6E6EC38D-A1A2-4519-B47E-73CC1CD43BC8} = {EFBB7435-801A-475D-95B3-41AD8B95D030}
		{C0188F4D-0E84-407A-B0E5-C182994F3CE2} = {EFBB7435-801A-475D-95B3-41AD8B95D030}
		{5B25E63E-B77F-4667-B4E5-0B94EED0B253} = {183EC31D-D995-4F40-BB81-82CC0E1A8CBD}
		{BE811923-19DB-4E95-878D-EFDE7827DD04} = {183EC31D-D995-4F40-BB81-82CC0E1A8CBD}
		{AE5D60E8-2AA8-432B-961C-3953AF04EBB6} = {183EC31D-D995-4F40-BB81-82CC0E1A8CBD}
		{AC6B1EB8-5FEC-4244-9BF1-505C847B7B6B} = {82B95DFD-1CDF-41DF-A076-34B2EDD3CC95}
		{D2BA718C-2AEC-4FEE-A9D7-BDE2B455C631} = {82B95DFD-1CDF-41DF-A076-34B2EDD3CC95}
	EndGlobalSection
	GlobalSection(ExtensibilityGlobals) = postSolution
		SolutionGuid = {C50C382B-61B2-4355-B0F9-58E5DE55F6E2}
	EndGlobalSection
EndGlobal
